{
  "version": 4,
  "terraform_version": "1.10.4",
  "serial": 7,
  "lineage": "b862e528-1762-af8b-89b5-dfa7e64c0d80",
  "outputs": {
    "parallel_gold_jobs": {
      "value": [
        "datalake-pipeline-gold-car-current-state-dev",
        "datalake-pipeline-gold-fuel-efficiency-dev",
        "datalake-pipeline-gold-performance-alerts-slim-dev"
      ],
      "type": [
        "tuple",
        [
          "string",
          "string",
          "string"
        ]
      ]
    },
    "scheduled_trigger_name": {
      "value": "trigger-start-silver-job",
      "type": "string"
    },
    "trigger_count": {
      "value": 6,
      "type": "number"
    },
    "workflow_arn": {
      "value": "arn:aws:glue:us-east-1:901207488135:workflow/datalake-pipeline-silver-gold-workflow-dev",
      "type": "string"
    },
    "workflow_enabled": {
      "value": true,
      "type": "bool"
    },
    "workflow_name": {
      "value": "datalake-pipeline-silver-gold-workflow-dev",
      "type": "string"
    },
    "workflow_schedule": {
      "value": "cron(0 2 * * ? *)",
      "type": "string"
    }
  },
  "resources": [
    {
      "mode": "managed",
      "type": "aws_glue_trigger",
      "name": "scheduled_start",
      "provider": "provider[\"registry.terraform.io/hashicorp/aws\"]",
      "instances": [
        {
          "schema_version": 0,
          "attributes": {
            "actions": [
              {
                "arguments": {},
                "crawler_name": "",
                "job_name": "datalake-pipeline-silver-consolidation-dev",
                "notification_property": [],
                "security_configuration": "",
                "timeout": 0
              }
            ],
            "arn": "arn:aws:glue:us-east-1:901207488135:trigger/trigger-start-silver-job",
            "description": "",
            "enabled": true,
            "event_batching_condition": [],
            "id": "trigger-start-silver-job",
            "name": "trigger-start-silver-job",
            "predicate": [],
            "schedule": "cron(0 2 * * ? *)",
            "start_on_creation": null,
            "state": "ACTIVATED",
            "tags": {
              "Environment": "dev",
              "ManagedBy": "Terraform",
              "Project": "DataLake-Pipeline"
            },
            "tags_all": {
              "Environment": "dev",
              "ManagedBy": "Terraform",
              "Project": "DataLake-Pipeline"
            },
            "timeouts": null,
            "type": "SCHEDULED",
            "workflow_name": "datalake-pipeline-silver-gold-workflow-dev"
          },
          "sensitive_attributes": [],
          "private": "eyJlMmJmYjczMC1lY2FhLTExZTYtOGY4OC0zNDM2M2JjN2M0YzAiOnsiY3JlYXRlIjozMDAwMDAwMDAwMDAsImRlbGV0ZSI6MzAwMDAwMDAwMDAwLCJ1cGRhdGUiOjMwMDAwMDAwMDAwMH0sInNjaGVtYV92ZXJzaW9uIjoiMCJ9"
        }
      ]
    },
    {
      "mode": "managed",
      "type": "aws_glue_workflow",
      "name": "silver_gold_pipeline",
      "provider": "provider[\"registry.terraform.io/hashicorp/aws\"]",
      "instances": [
        {
          "schema_version": 0,
          "attributes": {
            "arn": "arn:aws:glue:us-east-1:901207488135:workflow/datalake-pipeline-silver-gold-workflow-dev",
            "default_run_properties": {
              "environment": "dev",
              "layer": "silver-gold",
              "project": "datalake-pipeline"
            },
            "description": "Workflow automatizado para processamento Silver → Gold com fan-out paralelo",
            "id": "datalake-pipeline-silver-gold-workflow-dev",
            "max_concurrent_runs": 0,
            "name": "datalake-pipeline-silver-gold-workflow-dev",
            "tags": {
              "Environment": "dev",
              "Layer": "orchestration",
              "ManagedBy": "Terraform",
              "Name": "datalake-pipeline-silver-gold-workflow-dev",
              "Project": "datalake-pipeline",
              "UpdatedAt": "2025-11-05T17:21:11Z"
            },
            "tags_all": {
              "Environment": "dev",
              "Layer": "orchestration",
              "ManagedBy": "Terraform",
              "Name": "datalake-pipeline-silver-gold-workflow-dev",
              "Project": "datalake-pipeline",
              "UpdatedAt": "2025-11-05T17:21:11Z"
            }
          },
          "sensitive_attributes": [],
          "private": "bnVsbA=="
        }
      ]
    }
  ],
  "check_results": null
}
