{
  "version": 4,
  "terraform_version": "1.10.4",
  "serial": 221,
  "lineage": "affe997c-ba9b-ed8a-c44c-84eb4afa58f0",
  "outputs": {
    "athena_execution_role_arn": {
      "value": "arn:aws:iam::901207488135:role/datalake-pipeline-athena-execution-role-dev",
      "type": "string"
    },
    "athena_query_results_path": {
      "value": "s3://datalake-pipeline-athena-results-dev/query-results/",
      "type": "string"
    },
    "athena_results_bucket": {
      "value": "datalake-pipeline-athena-results-dev",
      "type": "string"
    },
    "athena_results_bucket_arn": {
      "value": "arn:aws:s3:::datalake-pipeline-athena-results-dev",
      "type": "string"
    },
    "athena_workgroup_arn": {
      "value": "arn:aws:athena:us-east-1:901207488135:workgroup/datalake-pipeline-workgroup-dev",
      "type": "string"
    },
    "athena_workgroup_name": {
      "value": "datalake-pipeline-workgroup-dev",
      "type": "string"
    },
    "aws_region": {
      "value": "us-east-1",
      "type": "string"
    },
    "cleansing_lambda_arn": {
      "value": "arn:aws:lambda:us-east-1:901207488135:function:datalake-pipeline-cleansing-dev",
      "type": "string"
    },
    "cleansing_lambda_invoke_arn": {
      "value": "arn:aws:apigateway:us-east-1:lambda:path/2015-03-31/functions/arn:aws:lambda:us-east-1:901207488135:function:datalake-pipeline-cleansing-dev/invocations",
      "type": "string"
    },
    "cleansing_lambda_name": {
      "value": "datalake-pipeline-cleansing-dev",
      "type": "string"
    },
    "cleansing_lambda_version": {
      "value": "$LATEST",
      "type": "string"
    },
    "environment": {
      "value": "dev",
      "type": "string"
    },
    "glue_catalog_database_arn": {
      "value": "arn:aws:glue:us-east-1:901207488135:database/datalake-pipeline-catalog-dev",
      "type": "string"
    },
    "glue_catalog_database_name": {
      "value": "datalake-pipeline-catalog-dev",
      "type": "string"
    },
    "glue_crawler_arns": {
      "value": {
        "bronze_car_data": "arn:aws:glue:us-east-1:901207488135:crawler/datalake-pipeline-bronze-car-data-crawler-dev",
        "gold": "arn:aws:glue:us-east-1:901207488135:crawler/datalake-pipeline-gold-crawler-dev",
        "silver": "arn:aws:glue:us-east-1:901207488135:crawler/datalake-pipeline-silver-crawler-dev"
      },
      "type": [
        "object",
        {
          "bronze_car_data": "string",
          "gold": "string",
          "silver": "string"
        }
      ]
    },
    "glue_crawler_names": {
      "value": {
        "bronze_car_data": "datalake-pipeline-bronze-car-data-crawler-dev",
        "gold": "datalake-pipeline-gold-crawler-dev",
        "silver": "datalake-pipeline-silver-crawler-dev"
      },
      "type": [
        "object",
        {
          "bronze_car_data": "string",
          "gold": "string",
          "silver": "string"
        }
      ]
    },
    "glue_crawler_role_arn": {
      "value": "arn:aws:iam::901207488135:role/datalake-pipeline-glue-crawler-role-dev",
      "type": "string"
    },
    "glue_crawler_schedule": {
      "value": "cron(0 0 * * ? *)",
      "type": "string"
    },
    "ingestion_lambda_arn": {
      "value": "arn:aws:lambda:us-east-1:901207488135:function:datalake-pipeline-ingestion-dev",
      "type": "string"
    },
    "ingestion_lambda_invoke_arn": {
      "value": "arn:aws:apigateway:us-east-1:lambda:path/2015-03-31/functions/arn:aws:lambda:us-east-1:901207488135:function:datalake-pipeline-ingestion-dev/invocations",
      "type": "string"
    },
    "ingestion_lambda_name": {
      "value": "datalake-pipeline-ingestion-dev",
      "type": "string"
    },
    "ingestion_lambda_version": {
      "value": "$LATEST",
      "type": "string"
    },
    "lakehouse_summary": {
      "value": {
        "athena": {
          "console_url": "https://us-east-1.console.aws.amazon.com/athena/home?region=us-east-1#/query-editor",
          "query_results_path": "s3://datalake-pipeline-athena-results-dev/query-results/",
          "results_bucket": "datalake-pipeline-athena-results-dev",
          "workgroup_name": "datalake-pipeline-workgroup-dev"
        },
        "data_catalog": {
          "database": "datalake-pipeline-catalog-dev",
          "glue_console": "https://us-east-1.console.aws.amazon.com/glue/home?region=us-east-1#/v2/data-catalog/databases/datalake-pipeline-catalog-dev",
          "tables_status": "Empty - Run crawlers to populate"
        },
        "glue": {
          "crawlers": {
            "bronze_car_data": {
              "features": "Preserves nested structures (structs) from JSON",
              "name": "datalake-pipeline-bronze-car-data-crawler-dev",
              "path": "s3://datalake-pipeline-bronze-dev/bronze/car_data/",
              "status": "Scheduled (Daily at 00:00 UTC)",
              "table_prefix": "bronze_"
            },
            "gold": {
              "name": "datalake-pipeline-gold-crawler-dev",
              "path": "s3://datalake-pipeline-gold-dev/gold/",
              "status": "Scheduled (Daily at 00:00 UTC)"
            },
            "silver": {
              "features": "Flattened data with event-based partitions (event_year/month/day)",
              "name": "datalake-pipeline-silver-crawler-dev",
              "path": "s3://datalake-pipeline-silver-dev/car_telemetry/",
              "status": "Scheduled (Daily at 01:00 UTC)",
              "table_prefix": "silver_"
            }
          },
          "database_arn": "arn:aws:glue:us-east-1:901207488135:database/datalake-pipeline-catalog-dev",
          "database_name": "datalake-pipeline-catalog-dev",
          "schedule": "cron(0 0 * * ? *)"
        },
        "next_steps": {
          "step_1": "Upload JSON file to Landing bucket to trigger Bronze ingestion",
          "step_2": "Bronze Lambda preserves nested structures and saves as Parquet",
          "step_3": "Cleansing Lambda automatically flattens structs and creates Silver layer",
          "step_4": "Run crawlers to catalog data: 'datalake-pipeline-bronze-car-data-crawler-dev' and 'datalake-pipeline-silver-crawler-dev'",
          "step_5": "Query Bronze with nested fields: SELECT metrics.engineTempCelsius FROM bronze_*",
          "step_6": "Query Silver with flat fields: SELECT metrics_engineTempCelsius FROM silver_car_telemetry",
          "step_7": "Analyze enriched metrics (fuel_level_percentage, km_per_liter) in Athena"
        }
      },
      "type": [
        "object",
        {
          "athena": [
            "object",
            {
              "console_url": "string",
              "query_results_path": "string",
              "results_bucket": "string",
              "workgroup_name": "string"
            }
          ],
          "data_catalog": [
            "object",
            {
              "database": "string",
              "glue_console": "string",
              "tables_status": "string"
            }
          ],
          "glue": [
            "object",
            {
              "crawlers": [
                "object",
                {
                  "bronze_car_data": [
                    "object",
                    {
                      "features": "string",
                      "name": "string",
                      "path": "string",
                      "status": "string",
                      "table_prefix": "string"
                    }
                  ],
                  "gold": [
                    "object",
                    {
                      "name": "string",
                      "path": "string",
                      "status": "string"
                    }
                  ],
                  "silver": [
                    "object",
                    {
                      "features": "string",
                      "name": "string",
                      "path": "string",
                      "status": "string",
                      "table_prefix": "string"
                    }
                  ]
                }
              ],
              "database_arn": "string",
              "database_name": "string",
              "schedule": "string"
            }
          ],
          "next_steps": [
            "object",
            {
              "step_1": "string",
              "step_2": "string",
              "step_3": "string",
              "step_4": "string",
              "step_5": "string",
              "step_6": "string",
              "step_7": "string"
            }
          ]
        }
      ]
    },
    "lambda_execution_role_arn": {
      "value": "arn:aws:iam::901207488135:role/datalake-pipeline-lambda-execution-role-dev",
      "type": "string"
    },
    "lambda_execution_role_name": {
      "value": "datalake-pipeline-lambda-execution-role-dev",
      "type": "string"
    },
    "lambda_function_arns": {
      "value": {
        "analysis": "arn:aws:lambda:us-east-1:901207488135:function:datalake-pipeline-analysis-dev",
        "compliance": "arn:aws:lambda:us-east-1:901207488135:function:datalake-pipeline-compliance-dev"
      },
      "type": [
        "object",
        {
          "analysis": "string",
          "compliance": "string"
        }
      ]
    },
    "lambda_function_invoke_arns": {
      "value": {
        "analysis": "arn:aws:apigateway:us-east-1:lambda:path/2015-03-31/functions/arn:aws:lambda:us-east-1:901207488135:function:datalake-pipeline-analysis-dev/invocations",
        "compliance": "arn:aws:apigateway:us-east-1:lambda:path/2015-03-31/functions/arn:aws:lambda:us-east-1:901207488135:function:datalake-pipeline-compliance-dev/invocations"
      },
      "type": [
        "object",
        {
          "analysis": "string",
          "compliance": "string"
        }
      ]
    },
    "lambda_function_names": {
      "value": {
        "analysis": "datalake-pipeline-analysis-dev",
        "compliance": "datalake-pipeline-compliance-dev"
      },
      "type": [
        "object",
        {
          "analysis": "string",
          "compliance": "string"
        }
      ]
    },
    "lambda_layers_bucket": {
      "value": "datalake-pipeline-lambda-layers-dev",
      "type": "string"
    },
    "pandas_layer_arn": {
      "value": "arn:aws:lambda:us-east-1:901207488135:layer:datalake-pipeline-pandas-pyarrow-layer:6",
      "type": "string"
    },
    "pandas_layer_version": {
      "value": "6",
      "type": "string"
    },
    "pipeline_summary": {
      "value": {
        "bronze_bucket": "datalake-pipeline-bronze-dev",
        "cleansing_lambda": {
          "description": "Flattens nested structures, cleanses, enriches data (Bronze → Silver)",
          "handler": "lambda_function.lambda_handler",
          "has_layer": true,
          "layer_name": "datalake-pipeline-pandas-pyarrow-layer",
          "memory": 1024,
          "name": "datalake-pipeline-cleansing-dev",
          "runtime": "python3.9",
          "timeout": 300,
          "trigger": "S3 Event (*.parquet)"
        },
        "generic_lambdas": {
          "analysis": {
            "description": "Lambda function for data analysis (Silver to Gold)",
            "name": "datalake-pipeline-analysis-dev"
          },
          "compliance": {
            "description": "Lambda function for compliance validation (Gold layer)",
            "name": "datalake-pipeline-compliance-dev"
          }
        },
        "gold_bucket": "datalake-pipeline-gold-dev",
        "ingestion_lambda": {
          "description": "Converts CSV/JSON to Parquet with nested structures (Landing → Bronze)",
          "handler": "lambda_function.lambda_handler",
          "has_layer": true,
          "layer_name": "datalake-pipeline-pandas-pyarrow-layer",
          "memory": 512,
          "name": "datalake-pipeline-ingestion-dev",
          "runtime": "python3.9",
          "timeout": 120,
          "trigger": "S3 Event (*.csv, *.json)"
        },
        "landing_bucket": "datalake-pipeline-landing-dev",
        "silver_bucket": "datalake-pipeline-silver-dev"
      },
      "type": [
        "object",
        {
          "bronze_bucket": "string",
          "cleansing_lambda": [
            "object",
            {
              "description": "string",
              "handler": "string",
              "has_layer": "bool",
              "layer_name": "string",
              "memory": "number",
              "name": "string",
              "runtime": "string",
              "timeout": "number",
              "trigger": "string"
            }
          ],
          "generic_lambdas": [
            "object",
            {
              "analysis": [
                "object",
                {
                  "description": "string",
                  "name": "string"
                }
              ],
              "compliance": [
                "object",
                {
                  "description": "string",
                  "name": "string"
                }
              ]
            }
          ],
          "gold_bucket": "string",
          "ingestion_lambda": [
            "object",
            {
              "description": "string",
              "handler": "string",
              "has_layer": "bool",
              "layer_name": "string",
              "memory": "number",
              "name": "string",
              "runtime": "string",
              "timeout": "number",
              "trigger": "string"
            }
          ],
          "landing_bucket": "string",
          "silver_bucket": "string"
        }
      ]
    },
    "project_name": {
      "value": "datalake-pipeline",
      "type": "string"
    },
    "s3_bucket_arns": {
      "value": {
        "bronze": "arn:aws:s3:::datalake-pipeline-bronze-dev",
        "gold": "arn:aws:s3:::datalake-pipeline-gold-dev",
        "landing": "arn:aws:s3:::datalake-pipeline-landing-dev",
        "silver": "arn:aws:s3:::datalake-pipeline-silver-dev"
      },
      "type": [
        "object",
        {
          "bronze": "string",
          "gold": "string",
          "landing": "string",
          "silver": "string"
        }
      ]
    },
    "s3_bucket_names": {
      "value": {
        "bronze": "datalake-pipeline-bronze-dev",
        "gold": "datalake-pipeline-gold-dev",
        "landing": "datalake-pipeline-landing-dev",
        "silver": "datalake-pipeline-silver-dev"
      },
      "type": [
        "object",
        {
          "bronze": "string",
          "gold": "string",
          "landing": "string",
          "silver": "string"
        }
      ]
    },
    "s3_bucket_regional_domain_names": {
      "value": {
        "bronze": "datalake-pipeline-bronze-dev.s3.us-east-1.amazonaws.com",
        "gold": "datalake-pipeline-gold-dev.s3.us-east-1.amazonaws.com",
        "landing": "datalake-pipeline-landing-dev.s3.us-east-1.amazonaws.com",
        "silver": "datalake-pipeline-silver-dev.s3.us-east-1.amazonaws.com"
      },
      "type": [
        "object",
        {
          "bronze": "string",
          "gold": "string",
          "landing": "string",
          "silver": "string"
        }
      ]
    },
    "s3_trigger_info": {
      "value": {
        "cleansing": {
          "bucket_name": "datalake-pipeline-bronze-dev",
          "description": "Cleansing Lambda is triggered automatically when Parquet files are created in the Bronze bucket",
          "events": [
            "s3:ObjectCreated:*"
          ],
          "filter_suffix": ".parquet",
          "lambda_arn": "arn:aws:lambda:us-east-1:901207488135:function:datalake-pipeline-cleansing-dev",
          "lambda_function": "datalake-pipeline-cleansing-dev"
        },
        "ingestion": {
          "bucket_name": "datalake-pipeline-landing-dev",
          "description": "Ingestion Lambda is triggered automatically when CSV/JSON files are uploaded to the landing bucket",
          "events": [
            "s3:ObjectCreated:*"
          ],
          "filter_suffixes": [
            ".csv",
            ".json"
          ],
          "lambda_arn": "arn:aws:lambda:us-east-1:901207488135:function:datalake-pipeline-ingestion-dev",
          "lambda_function": "datalake-pipeline-ingestion-dev"
        }
      },
      "type": [
        "object",
        {
          "cleansing": [
            "object",
            {
              "bucket_name": "string",
              "description": "string",
              "events": [
                "tuple",
                [
                  "string"
                ]
              ],
              "filter_suffix": "string",
              "lambda_arn": "string",
              "lambda_function": "string"
            }
          ],
          "ingestion": [
            "object",
            {
              "bucket_name": "string",
              "description": "string",
              "events": [
                "tuple",
                [
                  "string"
                ]
              ],
              "filter_suffixes": [
                "tuple",
                [
                  "string",
                  "string"
                ]
              ],
              "lambda_arn": "string",
              "lambda_function": "string"
            }
          ]
        }
      ]
    }
  },
  "resources": [
    {
      "mode": "data",
      "type": "aws_caller_identity",
      "name": "current",
      "provider": "provider[\"registry.terraform.io/hashicorp/aws\"]",
      "instances": [
        {
          "schema_version": 0,
          "attributes": {
            "account_id": "901207488135",
            "arn": "arn:aws:iam::901207488135:user/wsas-terraform",
            "id": "901207488135",
            "user_id": "AIDA5DVBG62D3AWF5ZXX4"
          },
          "sensitive_attributes": []
        }
      ]
    },
    {
      "mode": "data",
      "type": "aws_iam_policy_document",
      "name": "athena_assume_role",
      "provider": "provider[\"registry.terraform.io/hashicorp/aws\"]",
      "instances": [
        {
          "schema_version": 0,
          "attributes": {
            "id": "444902260",
            "json": "{\n  \"Version\": \"2012-10-17\",\n  \"Statement\": [\n    {\n      \"Effect\": \"Allow\",\n      \"Action\": \"sts:AssumeRole\",\n      \"Principal\": {\n        \"Service\": \"athena.amazonaws.com\"\n      }\n    },\n    {\n      \"Effect\": \"Allow\",\n      \"Action\": \"sts:AssumeRole\",\n      \"Principal\": {\n        \"AWS\": \"arn:aws:iam::901207488135:root\"\n      }\n    }\n  ]\n}",
            "minified_json": "{\"Version\":\"2012-10-17\",\"Statement\":[{\"Effect\":\"Allow\",\"Action\":\"sts:AssumeRole\",\"Principal\":{\"Service\":\"athena.amazonaws.com\"}},{\"Effect\":\"Allow\",\"Action\":\"sts:AssumeRole\",\"Principal\":{\"AWS\":\"arn:aws:iam::901207488135:root\"}}]}",
            "override_json": null,
            "override_policy_documents": null,
            "policy_id": null,
            "source_json": null,
            "source_policy_documents": null,
            "statement": [
              {
                "actions": [
                  "sts:AssumeRole"
                ],
                "condition": [],
                "effect": "Allow",
                "not_actions": [],
                "not_principals": [],
                "not_resources": [],
                "principals": [
                  {
                    "identifiers": [
                      "athena.amazonaws.com"
                    ],
                    "type": "Service"
                  }
                ],
                "resources": [],
                "sid": ""
              },
              {
                "actions": [
                  "sts:AssumeRole"
                ],
                "condition": [],
                "effect": "Allow",
                "not_actions": [],
                "not_principals": [],
                "not_resources": [],
                "principals": [
                  {
                    "identifiers": [
                      "arn:aws:iam::901207488135:root"
                    ],
                    "type": "AWS"
                  }
                ],
                "resources": [],
                "sid": ""
              }
            ],
            "version": "2012-10-17"
          },
          "sensitive_attributes": []
        }
      ]
    },
    {
      "mode": "data",
      "type": "aws_iam_policy_document",
      "name": "athena_glue_access",
      "provider": "provider[\"registry.terraform.io/hashicorp/aws\"]",
      "instances": [
        {
          "schema_version": 0,
          "attributes": {
            "id": "1639943195",
            "json": "{\n  \"Version\": \"2012-10-17\",\n  \"Statement\": [\n    {\n      \"Sid\": \"GlueCatalogReadAccess\",\n      \"Effect\": \"Allow\",\n      \"Action\": [\n        \"glue:GetTables\",\n        \"glue:GetTable\",\n        \"glue:GetPartitions\",\n        \"glue:GetPartition\",\n        \"glue:GetDatabases\",\n        \"glue:GetDatabase\",\n        \"glue:BatchGetPartition\"\n      ],\n      \"Resource\": [\n        \"arn:aws:glue:us-east-1:901207488135:table/datalake-pipeline-catalog-dev/*\",\n        \"arn:aws:glue:us-east-1:901207488135:database/datalake-pipeline-catalog-dev\",\n        \"arn:aws:glue:us-east-1:901207488135:catalog\"\n      ]\n    }\n  ]\n}",
            "minified_json": "{\"Version\":\"2012-10-17\",\"Statement\":[{\"Sid\":\"GlueCatalogReadAccess\",\"Effect\":\"Allow\",\"Action\":[\"glue:GetTables\",\"glue:GetTable\",\"glue:GetPartitions\",\"glue:GetPartition\",\"glue:GetDatabases\",\"glue:GetDatabase\",\"glue:BatchGetPartition\"],\"Resource\":[\"arn:aws:glue:us-east-1:901207488135:table/datalake-pipeline-catalog-dev/*\",\"arn:aws:glue:us-east-1:901207488135:database/datalake-pipeline-catalog-dev\",\"arn:aws:glue:us-east-1:901207488135:catalog\"]}]}",
            "override_json": null,
            "override_policy_documents": null,
            "policy_id": null,
            "source_json": null,
            "source_policy_documents": null,
            "statement": [
              {
                "actions": [
                  "glue:BatchGetPartition",
                  "glue:GetDatabase",
                  "glue:GetDatabases",
                  "glue:GetPartition",
                  "glue:GetPartitions",
                  "glue:GetTable",
                  "glue:GetTables"
                ],
                "condition": [],
                "effect": "Allow",
                "not_actions": [],
                "not_principals": [],
                "not_resources": [],
                "principals": [],
                "resources": [
                  "arn:aws:glue:us-east-1:901207488135:catalog",
                  "arn:aws:glue:us-east-1:901207488135:database/datalake-pipeline-catalog-dev",
                  "arn:aws:glue:us-east-1:901207488135:table/datalake-pipeline-catalog-dev/*"
                ],
                "sid": "GlueCatalogReadAccess"
              }
            ],
            "version": "2012-10-17"
          },
          "sensitive_attributes": []
        }
      ]
    },
    {
      "mode": "data",
      "type": "aws_iam_policy_document",
      "name": "athena_s3_access",
      "provider": "provider[\"registry.terraform.io/hashicorp/aws\"]",
      "instances": [
        {
          "schema_version": 0,
          "attributes": {
            "id": "3034378450",
            "json": "{\n  \"Version\": \"2012-10-17\",\n  \"Statement\": [\n    {\n      \"Sid\": \"ReadDataLakeBuckets\",\n      \"Effect\": \"Allow\",\n      \"Action\": [\n        \"s3:ListBucket\",\n        \"s3:GetObject\",\n        \"s3:GetBucketLocation\"\n      ],\n      \"Resource\": [\n        \"arn:aws:s3:::datalake-pipeline-silver-dev/*\",\n        \"arn:aws:s3:::datalake-pipeline-silver-dev\",\n        \"arn:aws:s3:::datalake-pipeline-gold-dev/*\",\n        \"arn:aws:s3:::datalake-pipeline-gold-dev\",\n        \"arn:aws:s3:::datalake-pipeline-bronze-dev/*\",\n        \"arn:aws:s3:::datalake-pipeline-bronze-dev\"\n      ]\n    },\n    {\n      \"Sid\": \"WriteAthenaResults\",\n      \"Effect\": \"Allow\",\n      \"Action\": [\n        \"s3:PutObject\",\n        \"s3:ListBucket\",\n        \"s3:GetObject\",\n        \"s3:GetBucketLocation\",\n        \"s3:DeleteObject\"\n      ],\n      \"Resource\": [\n        \"arn:aws:s3:::datalake-pipeline-athena-results-dev/*\",\n        \"arn:aws:s3:::datalake-pipeline-athena-results-dev\"\n      ]\n    }\n  ]\n}",
            "minified_json": "{\"Version\":\"2012-10-17\",\"Statement\":[{\"Sid\":\"ReadDataLakeBuckets\",\"Effect\":\"Allow\",\"Action\":[\"s3:ListBucket\",\"s3:GetObject\",\"s3:GetBucketLocation\"],\"Resource\":[\"arn:aws:s3:::datalake-pipeline-silver-dev/*\",\"arn:aws:s3:::datalake-pipeline-silver-dev\",\"arn:aws:s3:::datalake-pipeline-gold-dev/*\",\"arn:aws:s3:::datalake-pipeline-gold-dev\",\"arn:aws:s3:::datalake-pipeline-bronze-dev/*\",\"arn:aws:s3:::datalake-pipeline-bronze-dev\"]},{\"Sid\":\"WriteAthenaResults\",\"Effect\":\"Allow\",\"Action\":[\"s3:PutObject\",\"s3:ListBucket\",\"s3:GetObject\",\"s3:GetBucketLocation\",\"s3:DeleteObject\"],\"Resource\":[\"arn:aws:s3:::datalake-pipeline-athena-results-dev/*\",\"arn:aws:s3:::datalake-pipeline-athena-results-dev\"]}]}",
            "override_json": null,
            "override_policy_documents": null,
            "policy_id": null,
            "source_json": null,
            "source_policy_documents": null,
            "statement": [
              {
                "actions": [
                  "s3:GetBucketLocation",
                  "s3:GetObject",
                  "s3:ListBucket"
                ],
                "condition": [],
                "effect": "Allow",
                "not_actions": [],
                "not_principals": [],
                "not_resources": [],
                "principals": [],
                "resources": [
                  "arn:aws:s3:::datalake-pipeline-bronze-dev",
                  "arn:aws:s3:::datalake-pipeline-bronze-dev/*",
                  "arn:aws:s3:::datalake-pipeline-gold-dev",
                  "arn:aws:s3:::datalake-pipeline-gold-dev/*",
                  "arn:aws:s3:::datalake-pipeline-silver-dev",
                  "arn:aws:s3:::datalake-pipeline-silver-dev/*"
                ],
                "sid": "ReadDataLakeBuckets"
              },
              {
                "actions": [
                  "s3:DeleteObject",
                  "s3:GetBucketLocation",
                  "s3:GetObject",
                  "s3:ListBucket",
                  "s3:PutObject"
                ],
                "condition": [],
                "effect": "Allow",
                "not_actions": [],
                "not_principals": [],
                "not_resources": [],
                "principals": [],
                "resources": [
                  "arn:aws:s3:::datalake-pipeline-athena-results-dev",
                  "arn:aws:s3:::datalake-pipeline-athena-results-dev/*"
                ],
                "sid": "WriteAthenaResults"
              }
            ],
            "version": "2012-10-17"
          },
          "sensitive_attributes": []
        }
      ]
    },
    {
      "mode": "data",
      "type": "aws_iam_policy_document",
      "name": "athena_service_access",
      "provider": "provider[\"registry.terraform.io/hashicorp/aws\"]",
      "instances": [
        {
          "schema_version": 0,
          "attributes": {
            "id": "1433011333",
            "json": "{\n  \"Version\": \"2012-10-17\",\n  \"Statement\": [\n    {\n      \"Sid\": \"AthenaQueryExecution\",\n      \"Effect\": \"Allow\",\n      \"Action\": [\n        \"athena:StopQueryExecution\",\n        \"athena:StartQueryExecution\",\n        \"athena:ListWorkGroups\",\n        \"athena:ListQueryExecutions\",\n        \"athena:GetWorkGroup\",\n        \"athena:GetQueryResults\",\n        \"athena:GetQueryExecution\"\n      ],\n      \"Resource\": \"arn:aws:athena:us-east-1:901207488135:workgroup/datalake-pipeline-workgroup-dev\"\n    }\n  ]\n}",
            "minified_json": "{\"Version\":\"2012-10-17\",\"Statement\":[{\"Sid\":\"AthenaQueryExecution\",\"Effect\":\"Allow\",\"Action\":[\"athena:StopQueryExecution\",\"athena:StartQueryExecution\",\"athena:ListWorkGroups\",\"athena:ListQueryExecutions\",\"athena:GetWorkGroup\",\"athena:GetQueryResults\",\"athena:GetQueryExecution\"],\"Resource\":\"arn:aws:athena:us-east-1:901207488135:workgroup/datalake-pipeline-workgroup-dev\"}]}",
            "override_json": null,
            "override_policy_documents": null,
            "policy_id": null,
            "source_json": null,
            "source_policy_documents": null,
            "statement": [
              {
                "actions": [
                  "athena:GetQueryExecution",
                  "athena:GetQueryResults",
                  "athena:GetWorkGroup",
                  "athena:ListQueryExecutions",
                  "athena:ListWorkGroups",
                  "athena:StartQueryExecution",
                  "athena:StopQueryExecution"
                ],
                "condition": [],
                "effect": "Allow",
                "not_actions": [],
                "not_principals": [],
                "not_resources": [],
                "principals": [],
                "resources": [
                  "arn:aws:athena:us-east-1:901207488135:workgroup/datalake-pipeline-workgroup-dev"
                ],
                "sid": "AthenaQueryExecution"
              }
            ],
            "version": "2012-10-17"
          },
          "sensitive_attributes": []
        }
      ]
    },
    {
      "mode": "data",
      "type": "aws_iam_policy_document",
      "name": "glue_assume_role",
      "provider": "provider[\"registry.terraform.io/hashicorp/aws\"]",
      "instances": [
        {
          "schema_version": 0,
          "attributes": {
            "id": "2681768870",
            "json": "{\n  \"Version\": \"2012-10-17\",\n  \"Statement\": [\n    {\n      \"Effect\": \"Allow\",\n      \"Action\": \"sts:AssumeRole\",\n      \"Principal\": {\n        \"Service\": \"glue.amazonaws.com\"\n      }\n    }\n  ]\n}",
            "minified_json": "{\"Version\":\"2012-10-17\",\"Statement\":[{\"Effect\":\"Allow\",\"Action\":\"sts:AssumeRole\",\"Principal\":{\"Service\":\"glue.amazonaws.com\"}}]}",
            "override_json": null,
            "override_policy_documents": null,
            "policy_id": null,
            "source_json": null,
            "source_policy_documents": null,
            "statement": [
              {
                "actions": [
                  "sts:AssumeRole"
                ],
                "condition": [],
                "effect": "Allow",
                "not_actions": [],
                "not_principals": [],
                "not_resources": [],
                "principals": [
                  {
                    "identifiers": [
                      "glue.amazonaws.com"
                    ],
                    "type": "Service"
                  }
                ],
                "resources": [],
                "sid": ""
              }
            ],
            "version": "2012-10-17"
          },
          "sensitive_attributes": []
        }
      ]
    },
    {
      "mode": "data",
      "type": "aws_iam_policy_document",
      "name": "glue_catalog_access",
      "provider": "provider[\"registry.terraform.io/hashicorp/aws\"]",
      "instances": [
        {
          "schema_version": 0,
          "attributes": {
            "id": "4002135055",
            "json": "{\n  \"Version\": \"2012-10-17\",\n  \"Statement\": [\n    {\n      \"Sid\": \"GlueCatalogAccess\",\n      \"Effect\": \"Allow\",\n      \"Action\": [\n        \"glue:UpdateTable\",\n        \"glue:UpdatePartition\",\n        \"glue:GetTables\",\n        \"glue:GetTable\",\n        \"glue:GetPartitions\",\n        \"glue:GetPartition\",\n        \"glue:GetDatabase\",\n        \"glue:DeleteTable\",\n        \"glue:DeletePartition\",\n        \"glue:CreateTable\",\n        \"glue:CreatePartition\",\n        \"glue:BatchUpdatePartition\",\n        \"glue:BatchGetPartition\",\n        \"glue:BatchDeletePartition\",\n        \"glue:BatchCreatePartition\"\n      ],\n      \"Resource\": [\n        \"arn:aws:glue:us-east-1:901207488135:table/datalake-pipeline-catalog-dev/*\",\n        \"arn:aws:glue:us-east-1:901207488135:database/datalake-pipeline-catalog-dev\",\n        \"arn:aws:glue:us-east-1:901207488135:catalog\"\n      ]\n    }\n  ]\n}",
            "minified_json": "{\"Version\":\"2012-10-17\",\"Statement\":[{\"Sid\":\"GlueCatalogAccess\",\"Effect\":\"Allow\",\"Action\":[\"glue:UpdateTable\",\"glue:UpdatePartition\",\"glue:GetTables\",\"glue:GetTable\",\"glue:GetPartitions\",\"glue:GetPartition\",\"glue:GetDatabase\",\"glue:DeleteTable\",\"glue:DeletePartition\",\"glue:CreateTable\",\"glue:CreatePartition\",\"glue:BatchUpdatePartition\",\"glue:BatchGetPartition\",\"glue:BatchDeletePartition\",\"glue:BatchCreatePartition\"],\"Resource\":[\"arn:aws:glue:us-east-1:901207488135:table/datalake-pipeline-catalog-dev/*\",\"arn:aws:glue:us-east-1:901207488135:database/datalake-pipeline-catalog-dev\",\"arn:aws:glue:us-east-1:901207488135:catalog\"]}]}",
            "override_json": null,
            "override_policy_documents": null,
            "policy_id": null,
            "source_json": null,
            "source_policy_documents": null,
            "statement": [
              {
                "actions": [
                  "glue:BatchCreatePartition",
                  "glue:BatchDeletePartition",
                  "glue:BatchGetPartition",
                  "glue:BatchUpdatePartition",
                  "glue:CreatePartition",
                  "glue:CreateTable",
                  "glue:DeletePartition",
                  "glue:DeleteTable",
                  "glue:GetDatabase",
                  "glue:GetPartition",
                  "glue:GetPartitions",
                  "glue:GetTable",
                  "glue:GetTables",
                  "glue:UpdatePartition",
                  "glue:UpdateTable"
                ],
                "condition": [],
                "effect": "Allow",
                "not_actions": [],
                "not_principals": [],
                "not_resources": [],
                "principals": [],
                "resources": [
                  "arn:aws:glue:us-east-1:901207488135:catalog",
                  "arn:aws:glue:us-east-1:901207488135:database/datalake-pipeline-catalog-dev",
                  "arn:aws:glue:us-east-1:901207488135:table/datalake-pipeline-catalog-dev/*"
                ],
                "sid": "GlueCatalogAccess"
              }
            ],
            "version": "2012-10-17"
          },
          "sensitive_attributes": []
        }
      ]
    },
    {
      "mode": "data",
      "type": "aws_iam_policy_document",
      "name": "glue_cloudwatch_logs",
      "provider": "provider[\"registry.terraform.io/hashicorp/aws\"]",
      "instances": [
        {
          "schema_version": 0,
          "attributes": {
            "id": "1925677275",
            "json": "{\n  \"Version\": \"2012-10-17\",\n  \"Statement\": [\n    {\n      \"Sid\": \"CloudWatchLogsAccess\",\n      \"Effect\": \"Allow\",\n      \"Action\": [\n        \"logs:PutLogEvents\",\n        \"logs:CreateLogStream\",\n        \"logs:CreateLogGroup\"\n      ],\n      \"Resource\": \"arn:aws:logs:us-east-1:901207488135:log-group:/aws-glue/*\"\n    }\n  ]\n}",
            "minified_json": "{\"Version\":\"2012-10-17\",\"Statement\":[{\"Sid\":\"CloudWatchLogsAccess\",\"Effect\":\"Allow\",\"Action\":[\"logs:PutLogEvents\",\"logs:CreateLogStream\",\"logs:CreateLogGroup\"],\"Resource\":\"arn:aws:logs:us-east-1:901207488135:log-group:/aws-glue/*\"}]}",
            "override_json": null,
            "override_policy_documents": null,
            "policy_id": null,
            "source_json": null,
            "source_policy_documents": null,
            "statement": [
              {
                "actions": [
                  "logs:CreateLogGroup",
                  "logs:CreateLogStream",
                  "logs:PutLogEvents"
                ],
                "condition": [],
                "effect": "Allow",
                "not_actions": [],
                "not_principals": [],
                "not_resources": [],
                "principals": [],
                "resources": [
                  "arn:aws:logs:us-east-1:901207488135:log-group:/aws-glue/*"
                ],
                "sid": "CloudWatchLogsAccess"
              }
            ],
            "version": "2012-10-17"
          },
          "sensitive_attributes": []
        }
      ]
    },
    {
      "mode": "data",
      "type": "aws_iam_policy_document",
      "name": "glue_s3_access",
      "provider": "provider[\"registry.terraform.io/hashicorp/aws\"]",
      "instances": [
        {
          "schema_version": 0,
          "attributes": {
            "id": "1331316013",
            "json": "{\n  \"Version\": \"2012-10-17\",\n  \"Statement\": [\n    {\n      \"Sid\": \"ReadBronzeBucket\",\n      \"Effect\": \"Allow\",\n      \"Action\": [\n        \"s3:ListBucket\",\n        \"s3:GetObject\"\n      ],\n      \"Resource\": [\n        \"arn:aws:s3:::datalake-pipeline-bronze-dev/*\",\n        \"arn:aws:s3:::datalake-pipeline-bronze-dev\"\n      ]\n    },\n    {\n      \"Sid\": \"ReadSilverBucket\",\n      \"Effect\": \"Allow\",\n      \"Action\": [\n        \"s3:ListBucket\",\n        \"s3:GetObject\"\n      ],\n      \"Resource\": [\n        \"arn:aws:s3:::datalake-pipeline-silver-dev/*\",\n        \"arn:aws:s3:::datalake-pipeline-silver-dev\"\n      ]\n    },\n    {\n      \"Sid\": \"ReadGoldBucket\",\n      \"Effect\": \"Allow\",\n      \"Action\": [\n        \"s3:ListBucket\",\n        \"s3:GetObject\"\n      ],\n      \"Resource\": [\n        \"arn:aws:s3:::datalake-pipeline-gold-dev/*\",\n        \"arn:aws:s3:::datalake-pipeline-gold-dev\"\n      ]\n    }\n  ]\n}",
            "minified_json": "{\"Version\":\"2012-10-17\",\"Statement\":[{\"Sid\":\"ReadBronzeBucket\",\"Effect\":\"Allow\",\"Action\":[\"s3:ListBucket\",\"s3:GetObject\"],\"Resource\":[\"arn:aws:s3:::datalake-pipeline-bronze-dev/*\",\"arn:aws:s3:::datalake-pipeline-bronze-dev\"]},{\"Sid\":\"ReadSilverBucket\",\"Effect\":\"Allow\",\"Action\":[\"s3:ListBucket\",\"s3:GetObject\"],\"Resource\":[\"arn:aws:s3:::datalake-pipeline-silver-dev/*\",\"arn:aws:s3:::datalake-pipeline-silver-dev\"]},{\"Sid\":\"ReadGoldBucket\",\"Effect\":\"Allow\",\"Action\":[\"s3:ListBucket\",\"s3:GetObject\"],\"Resource\":[\"arn:aws:s3:::datalake-pipeline-gold-dev/*\",\"arn:aws:s3:::datalake-pipeline-gold-dev\"]}]}",
            "override_json": null,
            "override_policy_documents": null,
            "policy_id": null,
            "source_json": null,
            "source_policy_documents": null,
            "statement": [
              {
                "actions": [
                  "s3:GetObject",
                  "s3:ListBucket"
                ],
                "condition": [],
                "effect": "Allow",
                "not_actions": [],
                "not_principals": [],
                "not_resources": [],
                "principals": [],
                "resources": [
                  "arn:aws:s3:::datalake-pipeline-bronze-dev",
                  "arn:aws:s3:::datalake-pipeline-bronze-dev/*"
                ],
                "sid": "ReadBronzeBucket"
              },
              {
                "actions": [
                  "s3:GetObject",
                  "s3:ListBucket"
                ],
                "condition": [],
                "effect": "Allow",
                "not_actions": [],
                "not_principals": [],
                "not_resources": [],
                "principals": [],
                "resources": [
                  "arn:aws:s3:::datalake-pipeline-silver-dev",
                  "arn:aws:s3:::datalake-pipeline-silver-dev/*"
                ],
                "sid": "ReadSilverBucket"
              },
              {
                "actions": [
                  "s3:GetObject",
                  "s3:ListBucket"
                ],
                "condition": [],
                "effect": "Allow",
                "not_actions": [],
                "not_principals": [],
                "not_resources": [],
                "principals": [],
                "resources": [
                  "arn:aws:s3:::datalake-pipeline-gold-dev",
                  "arn:aws:s3:::datalake-pipeline-gold-dev/*"
                ],
                "sid": "ReadGoldBucket"
              }
            ],
            "version": "2012-10-17"
          },
          "sensitive_attributes": []
        }
      ]
    },
    {
      "mode": "data",
      "type": "aws_iam_policy_document",
      "name": "lambda_assume_role",
      "provider": "provider[\"registry.terraform.io/hashicorp/aws\"]",
      "instances": [
        {
          "schema_version": 0,
          "attributes": {
            "id": "2690255455",
            "json": "{\n  \"Version\": \"2012-10-17\",\n  \"Statement\": [\n    {\n      \"Effect\": \"Allow\",\n      \"Action\": \"sts:AssumeRole\",\n      \"Principal\": {\n        \"Service\": \"lambda.amazonaws.com\"\n      }\n    }\n  ]\n}",
            "minified_json": "{\"Version\":\"2012-10-17\",\"Statement\":[{\"Effect\":\"Allow\",\"Action\":\"sts:AssumeRole\",\"Principal\":{\"Service\":\"lambda.amazonaws.com\"}}]}",
            "override_json": null,
            "override_policy_documents": null,
            "policy_id": null,
            "source_json": null,
            "source_policy_documents": null,
            "statement": [
              {
                "actions": [
                  "sts:AssumeRole"
                ],
                "condition": [],
                "effect": "Allow",
                "not_actions": [],
                "not_principals": [],
                "not_resources": [],
                "principals": [
                  {
                    "identifiers": [
                      "lambda.amazonaws.com"
                    ],
                    "type": "Service"
                  }
                ],
                "resources": [],
                "sid": ""
              }
            ],
            "version": "2012-10-17"
          },
          "sensitive_attributes": []
        }
      ]
    },
    {
      "mode": "data",
      "type": "aws_iam_policy_document",
      "name": "lambda_execution",
      "provider": "provider[\"registry.terraform.io/hashicorp/aws\"]",
      "instances": [
        {
          "schema_version": 0,
          "attributes": {
            "id": "899238350",
            "json": "{\n  \"Version\": \"2012-10-17\",\n  \"Statement\": [\n    {\n      \"Sid\": \"CloudWatchLogsAccess\",\n      \"Effect\": \"Allow\",\n      \"Action\": [\n        \"logs:PutLogEvents\",\n        \"logs:CreateLogStream\",\n        \"logs:CreateLogGroup\"\n      ],\n      \"Resource\": [\n        \"arn:aws:logs:us-east-1:*:log-group:/aws/lambda/datalake-pipeline-*:*\",\n        \"arn:aws:logs:us-east-1:*:log-group:/aws/lambda/datalake-pipeline-*\"\n      ]\n    },\n    {\n      \"Sid\": \"S3ReadAccess\",\n      \"Effect\": \"Allow\",\n      \"Action\": [\n        \"s3:ListBucket\",\n        \"s3:GetObject\",\n        \"s3:GetBucketLocation\"\n      ],\n      \"Resource\": [\n        \"arn:aws:s3:::datalake-pipeline-silver-dev\",\n        \"arn:aws:s3:::datalake-pipeline-landing-dev\",\n        \"arn:aws:s3:::datalake-pipeline-gold-dev\",\n        \"arn:aws:s3:::datalake-pipeline-bronze-dev\"\n      ]\n    },\n    {\n      \"Sid\": \"S3ReadObjectAccess\",\n      \"Effect\": \"Allow\",\n      \"Action\": \"s3:GetObject\",\n      \"Resource\": [\n        \"arn:aws:s3:::datalake-pipeline-silver-dev/*\",\n        \"arn:aws:s3:::datalake-pipeline-landing-dev/*\",\n        \"arn:aws:s3:::datalake-pipeline-gold-dev/*\",\n        \"arn:aws:s3:::datalake-pipeline-bronze-dev/*\"\n      ]\n    },\n    {\n      \"Sid\": \"S3WriteAccess\",\n      \"Effect\": \"Allow\",\n      \"Action\": [\n        \"s3:PutObject\",\n        \"s3:DeleteObject\"\n      ],\n      \"Resource\": [\n        \"arn:aws:s3:::datalake-pipeline-silver-dev/*\",\n        \"arn:aws:s3:::datalake-pipeline-landing-dev/*\",\n        \"arn:aws:s3:::datalake-pipeline-gold-dev/*\",\n        \"arn:aws:s3:::datalake-pipeline-bronze-dev/*\"\n      ]\n    }\n  ]\n}",
            "minified_json": "{\"Version\":\"2012-10-17\",\"Statement\":[{\"Sid\":\"CloudWatchLogsAccess\",\"Effect\":\"Allow\",\"Action\":[\"logs:PutLogEvents\",\"logs:CreateLogStream\",\"logs:CreateLogGroup\"],\"Resource\":[\"arn:aws:logs:us-east-1:*:log-group:/aws/lambda/datalake-pipeline-*:*\",\"arn:aws:logs:us-east-1:*:log-group:/aws/lambda/datalake-pipeline-*\"]},{\"Sid\":\"S3ReadAccess\",\"Effect\":\"Allow\",\"Action\":[\"s3:ListBucket\",\"s3:GetObject\",\"s3:GetBucketLocation\"],\"Resource\":[\"arn:aws:s3:::datalake-pipeline-silver-dev\",\"arn:aws:s3:::datalake-pipeline-landing-dev\",\"arn:aws:s3:::datalake-pipeline-gold-dev\",\"arn:aws:s3:::datalake-pipeline-bronze-dev\"]},{\"Sid\":\"S3ReadObjectAccess\",\"Effect\":\"Allow\",\"Action\":\"s3:GetObject\",\"Resource\":[\"arn:aws:s3:::datalake-pipeline-silver-dev/*\",\"arn:aws:s3:::datalake-pipeline-landing-dev/*\",\"arn:aws:s3:::datalake-pipeline-gold-dev/*\",\"arn:aws:s3:::datalake-pipeline-bronze-dev/*\"]},{\"Sid\":\"S3WriteAccess\",\"Effect\":\"Allow\",\"Action\":[\"s3:PutObject\",\"s3:DeleteObject\"],\"Resource\":[\"arn:aws:s3:::datalake-pipeline-silver-dev/*\",\"arn:aws:s3:::datalake-pipeline-landing-dev/*\",\"arn:aws:s3:::datalake-pipeline-gold-dev/*\",\"arn:aws:s3:::datalake-pipeline-bronze-dev/*\"]}]}",
            "override_json": null,
            "override_policy_documents": null,
            "policy_id": null,
            "source_json": null,
            "source_policy_documents": null,
            "statement": [
              {
                "actions": [
                  "logs:CreateLogGroup",
                  "logs:CreateLogStream",
                  "logs:PutLogEvents"
                ],
                "condition": [],
                "effect": "Allow",
                "not_actions": [],
                "not_principals": [],
                "not_resources": [],
                "principals": [],
                "resources": [
                  "arn:aws:logs:us-east-1:*:log-group:/aws/lambda/datalake-pipeline-*",
                  "arn:aws:logs:us-east-1:*:log-group:/aws/lambda/datalake-pipeline-*:*"
                ],
                "sid": "CloudWatchLogsAccess"
              },
              {
                "actions": [
                  "s3:GetBucketLocation",
                  "s3:GetObject",
                  "s3:ListBucket"
                ],
                "condition": [],
                "effect": "Allow",
                "not_actions": [],
                "not_principals": [],
                "not_resources": [],
                "principals": [],
                "resources": [
                  "arn:aws:s3:::datalake-pipeline-bronze-dev",
                  "arn:aws:s3:::datalake-pipeline-gold-dev",
                  "arn:aws:s3:::datalake-pipeline-landing-dev",
                  "arn:aws:s3:::datalake-pipeline-silver-dev"
                ],
                "sid": "S3ReadAccess"
              },
              {
                "actions": [
                  "s3:GetObject"
                ],
                "condition": [],
                "effect": "Allow",
                "not_actions": [],
                "not_principals": [],
                "not_resources": [],
                "principals": [],
                "resources": [
                  "arn:aws:s3:::datalake-pipeline-bronze-dev/*",
                  "arn:aws:s3:::datalake-pipeline-gold-dev/*",
                  "arn:aws:s3:::datalake-pipeline-landing-dev/*",
                  "arn:aws:s3:::datalake-pipeline-silver-dev/*"
                ],
                "sid": "S3ReadObjectAccess"
              },
              {
                "actions": [
                  "s3:DeleteObject",
                  "s3:PutObject"
                ],
                "condition": [],
                "effect": "Allow",
                "not_actions": [],
                "not_principals": [],
                "not_resources": [],
                "principals": [],
                "resources": [
                  "arn:aws:s3:::datalake-pipeline-bronze-dev/*",
                  "arn:aws:s3:::datalake-pipeline-gold-dev/*",
                  "arn:aws:s3:::datalake-pipeline-landing-dev/*",
                  "arn:aws:s3:::datalake-pipeline-silver-dev/*"
                ],
                "sid": "S3WriteAccess"
              }
            ],
            "version": "2012-10-17"
          },
          "sensitive_attributes": []
        }
      ]
    },
    {
      "mode": "managed",
      "type": "aws_athena_workgroup",
      "name": "data_lake",
      "provider": "provider[\"registry.terraform.io/hashicorp/aws\"]",
      "instances": [
        {
          "schema_version": 0,
          "attributes": {
            "arn": "arn:aws:athena:us-east-1:901207488135:workgroup/datalake-pipeline-workgroup-dev",
            "configuration": [
              {
                "bytes_scanned_cutoff_per_query": 100000000000,
                "enforce_workgroup_configuration": true,
                "engine_version": [
                  {
                    "effective_engine_version": "Athena engine version 3",
                    "selected_engine_version": "AUTO"
                  }
                ],
                "execution_role": "",
                "publish_cloudwatch_metrics_enabled": true,
                "requester_pays_enabled": false,
                "result_configuration": [
                  {
                    "acl_configuration": [],
                    "encryption_configuration": [
                      {
                        "encryption_option": "SSE_S3",
                        "kms_key_arn": ""
                      }
                    ],
                    "expected_bucket_owner": "",
                    "output_location": "s3://datalake-pipeline-athena-results-dev/query-results/"
                  }
                ]
              }
            ],
            "description": "Athena workgroup for datalake-pipeline lakehouse queries",
            "force_destroy": false,
            "id": "datalake-pipeline-workgroup-dev",
            "name": "datalake-pipeline-workgroup-dev",
            "state": "ENABLED",
            "tags": {
              "Component": "athena-workgroup",
              "Environment": "dev",
              "ManagedBy": "Terraform",
              "Name": "datalake-pipeline-workgroup-dev",
              "Project": "datalake-pipeline",
              "Region": "us-east-1"
            },
            "tags_all": {
              "Component": "athena-workgroup",
              "Environment": "dev",
              "ManagedBy": "Terraform",
              "Name": "datalake-pipeline-workgroup-dev",
              "Project": "datalake-pipeline",
              "Region": "us-east-1"
            }
          },
          "sensitive_attributes": [],
          "private": "bnVsbA==",
          "dependencies": [
            "aws_s3_bucket.athena_results"
          ]
        }
      ]
    },
    {
      "mode": "managed",
      "type": "aws_glue_catalog_database",
      "name": "data_lake_database",
      "provider": "provider[\"registry.terraform.io/hashicorp/aws\"]",
      "instances": [
        {
          "schema_version": 0,
          "attributes": {
            "arn": "arn:aws:glue:us-east-1:901207488135:database/datalake-pipeline-catalog-dev",
            "catalog_id": "901207488135",
            "create_table_default_permission": [
              {
                "permissions": [
                  "ALL"
                ],
                "principal": [
                  {
                    "data_lake_principal_identifier": "IAM_ALLOWED_PRINCIPALS"
                  }
                ]
              }
            ],
            "description": "Glue Data Catalog database for datalake-pipeline lakehouse architecture",
            "federated_database": [],
            "id": "901207488135:datalake-pipeline-catalog-dev",
            "location_uri": "",
            "name": "datalake-pipeline-catalog-dev",
            "parameters": {},
            "tags": {
              "Component": "data-catalog",
              "Environment": "dev",
              "ManagedBy": "terraform",
              "Name": "datalake-pipeline-catalog-dev",
              "Project": "datalake-pipeline",
              "Region": "us-east-1"
            },
            "tags_all": {
              "Component": "data-catalog",
              "Environment": "dev",
              "ManagedBy": "terraform",
              "Name": "datalake-pipeline-catalog-dev",
              "Project": "datalake-pipeline",
              "Region": "us-east-1"
            },
            "target_database": []
          },
          "sensitive_attributes": [],
          "private": "bnVsbA=="
        }
      ]
    },
    {
      "mode": "managed",
      "type": "aws_glue_crawler",
      "name": "bronze_car_data_crawler",
      "provider": "provider[\"registry.terraform.io/hashicorp/aws\"]",
      "instances": [
        {
          "schema_version": 0,
          "attributes": {
            "arn": "arn:aws:glue:us-east-1:901207488135:crawler/datalake-pipeline-bronze-car-data-crawler-dev",
            "catalog_target": [],
            "classifiers": [],
            "configuration": "{\"Version\":1.0,\"CrawlerOutput\":{\"Partitions\":{\"AddOrUpdateBehavior\":\"InheritFromTable\"},\"Tables\":{\"AddOrUpdateBehavior\":\"MergeNewColumns\"}},\"Grouping\":{\"TableGroupingPolicy\":\"CombineCompatibleSchemas\",\"TableLevelConfiguration\":4}}",
            "database_name": "datalake-pipeline-catalog-dev",
            "delta_target": [],
            "description": "Crawler for Bronze layer car_data with nested structures (structs). Discovers partitioned Parquet files with preserved JSON schemas.",
            "dynamodb_target": [],
            "hudi_target": [],
            "iceberg_target": [],
            "id": "datalake-pipeline-bronze-car-data-crawler-dev",
            "jdbc_target": [],
            "lake_formation_configuration": [
              {
                "account_id": "",
                "use_lake_formation_credentials": false
              }
            ],
            "lineage_configuration": [
              {
                "crawler_lineage_settings": "DISABLE"
              }
            ],
            "mongodb_target": [],
            "name": "datalake-pipeline-bronze-car-data-crawler-dev",
            "recrawl_policy": [
              {
                "recrawl_behavior": "CRAWL_EVERYTHING"
              }
            ],
            "role": "datalake-pipeline-glue-crawler-role-dev",
            "s3_target": [
              {
                "connection_name": "",
                "dlq_event_queue_arn": "",
                "event_queue_arn": "",
                "exclusions": [
                  "**/_temporary/**",
                  "**/_SUCCESS",
                  "**/.spark*"
                ],
                "path": "s3://datalake-pipeline-bronze-dev/bronze/car_data/",
                "sample_size": 0
              }
            ],
            "schedule": "cron(0 0 * * ? *)",
            "schema_change_policy": [
              {
                "delete_behavior": "LOG",
                "update_behavior": "UPDATE_IN_DATABASE"
              }
            ],
            "security_configuration": "",
            "table_prefix": "bronze_",
            "tags": {
              "Component": "glue-crawler",
              "DataType": "car-data",
              "Environment": "dev",
              "Layer": "bronze",
              "ManagedBy": "Terraform",
              "Name": "datalake-pipeline-bronze-car-data-crawler-dev",
              "Project": "datalake-pipeline",
              "Region": "us-east-1"
            },
            "tags_all": {
              "Component": "glue-crawler",
              "DataType": "car-data",
              "Environment": "dev",
              "Layer": "bronze",
              "ManagedBy": "Terraform",
              "Name": "datalake-pipeline-bronze-car-data-crawler-dev",
              "Project": "datalake-pipeline",
              "Region": "us-east-1"
            }
          },
          "sensitive_attributes": [],
          "private": "bnVsbA==",
          "dependencies": [
            "aws_glue_catalog_database.data_lake_database",
            "aws_iam_role.glue_crawler_role",
            "aws_s3_bucket.data_lake",
            "data.aws_iam_policy_document.glue_assume_role"
          ]
        }
      ]
    },
    {
      "mode": "managed",
      "type": "aws_glue_crawler",
      "name": "gold_crawler",
      "provider": "provider[\"registry.terraform.io/hashicorp/aws\"]",
      "instances": [
        {
          "schema_version": 0,
          "attributes": {
            "arn": "arn:aws:glue:us-east-1:901207488135:crawler/datalake-pipeline-gold-crawler-dev",
            "catalog_target": [],
            "classifiers": [],
            "configuration": "{\"Version\":1.0,\"CrawlerOutput\":{\"Partitions\":{\"AddOrUpdateBehavior\":\"InheritFromTable\"},\"Tables\":{\"AddOrUpdateBehavior\":\"MergeNewColumns\"}},\"Grouping\":{\"TableGroupingPolicy\":\"CombineCompatibleSchemas\"}}",
            "database_name": "datalake-pipeline-catalog-dev",
            "delta_target": [],
            "description": "Crawler for Gold layer analytics-ready data",
            "dynamodb_target": [],
            "hudi_target": [],
            "iceberg_target": [],
            "id": "datalake-pipeline-gold-crawler-dev",
            "jdbc_target": [],
            "lake_formation_configuration": [
              {
                "account_id": "",
                "use_lake_formation_credentials": false
              }
            ],
            "lineage_configuration": [
              {
                "crawler_lineage_settings": "DISABLE"
              }
            ],
            "mongodb_target": [],
            "name": "datalake-pipeline-gold-crawler-dev",
            "recrawl_policy": [
              {
                "recrawl_behavior": "CRAWL_NEW_FOLDERS_ONLY"
              }
            ],
            "role": "datalake-pipeline-glue-crawler-role-dev",
            "s3_target": [
              {
                "connection_name": "",
                "dlq_event_queue_arn": "",
                "event_queue_arn": "",
                "exclusions": [],
                "path": "s3://datalake-pipeline-gold-dev/gold/",
                "sample_size": 0
              }
            ],
            "schedule": "cron(0 0 * * ? *)",
            "schema_change_policy": [
              {
                "delete_behavior": "LOG",
                "update_behavior": "LOG"
              }
            ],
            "security_configuration": "",
            "table_prefix": "",
            "tags": {
              "Component": "glue-crawler",
              "Environment": "dev",
              "Layer": "gold",
              "ManagedBy": "Terraform",
              "Name": "datalake-pipeline-gold-crawler-dev",
              "Project": "datalake-pipeline",
              "Region": "us-east-1"
            },
            "tags_all": {
              "Component": "glue-crawler",
              "Environment": "dev",
              "Layer": "gold",
              "ManagedBy": "Terraform",
              "Name": "datalake-pipeline-gold-crawler-dev",
              "Project": "datalake-pipeline",
              "Region": "us-east-1"
            }
          },
          "sensitive_attributes": [],
          "private": "bnVsbA==",
          "dependencies": [
            "aws_glue_catalog_database.data_lake_database",
            "aws_iam_role.glue_crawler_role",
            "aws_s3_bucket.data_lake",
            "data.aws_iam_policy_document.glue_assume_role"
          ]
        }
      ]
    },
    {
      "mode": "managed",
      "type": "aws_glue_crawler",
      "name": "silver_crawler",
      "provider": "provider[\"registry.terraform.io/hashicorp/aws\"]",
      "instances": [
        {
          "schema_version": 0,
          "attributes": {
            "arn": "arn:aws:glue:us-east-1:901207488135:crawler/datalake-pipeline-silver-crawler-dev",
            "catalog_target": [],
            "classifiers": [],
            "configuration": "{\"Version\":1.0,\"CrawlerOutput\":{\"Partitions\":{\"AddOrUpdateBehavior\":\"InheritFromTable\"},\"Tables\":{\"AddOrUpdateBehavior\":\"MergeNewColumns\"}},\"Grouping\":{\"TableGroupingPolicy\":\"CombineCompatibleSchemas\"}}",
            "database_name": "datalake-pipeline-catalog-dev",
            "delta_target": [],
            "description": "Crawler for Silver layer flattened Parquet files - Partitioned by event date (event_year/event_month/event_day)",
            "dynamodb_target": [],
            "hudi_target": [],
            "iceberg_target": [],
            "id": "datalake-pipeline-silver-crawler-dev",
            "jdbc_target": [],
            "lake_formation_configuration": [
              {
                "account_id": "",
                "use_lake_formation_credentials": false
              }
            ],
            "lineage_configuration": [
              {
                "crawler_lineage_settings": "DISABLE"
              }
            ],
            "mongodb_target": [],
            "name": "datalake-pipeline-silver-crawler-dev",
            "recrawl_policy": [
              {
                "recrawl_behavior": "CRAWL_EVERYTHING"
              }
            ],
            "role": "datalake-pipeline-glue-crawler-role-dev",
            "s3_target": [
              {
                "connection_name": "",
                "dlq_event_queue_arn": "",
                "event_queue_arn": "",
                "exclusions": [
                  "**/_temporary/**",
                  "**/_SUCCESS",
                  "**/.spark*"
                ],
                "path": "s3://datalake-pipeline-silver-dev/car_telemetry/",
                "sample_size": 0
              }
            ],
            "schedule": "cron(0 1 * * ? *)",
            "schema_change_policy": [
              {
                "delete_behavior": "LOG",
                "update_behavior": "UPDATE_IN_DATABASE"
              }
            ],
            "security_configuration": "",
            "table_prefix": "silver_",
            "tags": {
              "Component": "glue-crawler",
              "Environment": "dev",
              "Layer": "silver",
              "ManagedBy": "Terraform",
              "Name": "datalake-pipeline-silver-crawler-dev",
              "Project": "datalake-pipeline",
              "Purpose": "Catalog flattened car telemetry data with event-based partitions",
              "Region": "us-east-1"
            },
            "tags_all": {
              "Component": "glue-crawler",
              "Environment": "dev",
              "Layer": "silver",
              "ManagedBy": "Terraform",
              "Name": "datalake-pipeline-silver-crawler-dev",
              "Project": "datalake-pipeline",
              "Purpose": "Catalog flattened car telemetry data with event-based partitions",
              "Region": "us-east-1"
            }
          },
          "sensitive_attributes": [],
          "private": "bnVsbA==",
          "dependencies": [
            "aws_glue_catalog_database.data_lake_database",
            "aws_iam_role.glue_crawler_role",
            "aws_s3_bucket.data_lake",
            "data.aws_iam_policy_document.glue_assume_role"
          ]
        }
      ]
    },
    {
      "mode": "managed",
      "type": "aws_iam_policy",
      "name": "lambda_execution",
      "provider": "provider[\"registry.terraform.io/hashicorp/aws\"]",
      "instances": [
        {
          "schema_version": 0,
          "attributes": {
            "arn": "arn:aws:iam::901207488135:policy/datalake-pipeline-lambda-execution-policy-dev",
            "attachment_count": 1,
            "description": "Policy for Lambda functions to access CloudWatch Logs and S3 buckets",
            "id": "arn:aws:iam::901207488135:policy/datalake-pipeline-lambda-execution-policy-dev",
            "name": "datalake-pipeline-lambda-execution-policy-dev",
            "name_prefix": "",
            "path": "/",
            "policy": "{\"Statement\":[{\"Action\":[\"logs:PutLogEvents\",\"logs:CreateLogStream\",\"logs:CreateLogGroup\"],\"Effect\":\"Allow\",\"Resource\":[\"arn:aws:logs:us-east-1:*:log-group:/aws/lambda/datalake-pipeline-*:*\",\"arn:aws:logs:us-east-1:*:log-group:/aws/lambda/datalake-pipeline-*\"],\"Sid\":\"CloudWatchLogsAccess\"},{\"Action\":[\"s3:ListBucket\",\"s3:GetObject\",\"s3:GetBucketLocation\"],\"Effect\":\"Allow\",\"Resource\":[\"arn:aws:s3:::datalake-pipeline-silver-dev\",\"arn:aws:s3:::datalake-pipeline-landing-dev\",\"arn:aws:s3:::datalake-pipeline-gold-dev\",\"arn:aws:s3:::datalake-pipeline-bronze-dev\"],\"Sid\":\"S3ReadAccess\"},{\"Action\":\"s3:GetObject\",\"Effect\":\"Allow\",\"Resource\":[\"arn:aws:s3:::datalake-pipeline-silver-dev/*\",\"arn:aws:s3:::datalake-pipeline-landing-dev/*\",\"arn:aws:s3:::datalake-pipeline-gold-dev/*\",\"arn:aws:s3:::datalake-pipeline-bronze-dev/*\"],\"Sid\":\"S3ReadObjectAccess\"},{\"Action\":[\"s3:PutObject\",\"s3:DeleteObject\"],\"Effect\":\"Allow\",\"Resource\":[\"arn:aws:s3:::datalake-pipeline-silver-dev/*\",\"arn:aws:s3:::datalake-pipeline-landing-dev/*\",\"arn:aws:s3:::datalake-pipeline-gold-dev/*\",\"arn:aws:s3:::datalake-pipeline-bronze-dev/*\"],\"Sid\":\"S3WriteAccess\"}],\"Version\":\"2012-10-17\"}",
            "policy_id": "ANPA5DVBG62DVWZ3L56YC",
            "tags": {
              "Name": "datalake-pipeline-lambda-execution-policy-dev"
            },
            "tags_all": {
              "Environment": "dev",
              "ManagedBy": "Terraform",
              "Name": "datalake-pipeline-lambda-execution-policy-dev",
              "Project": "DataLake-Pipeline"
            }
          },
          "sensitive_attributes": [],
          "private": "bnVsbA==",
          "dependencies": [
            "aws_s3_bucket.data_lake",
            "data.aws_iam_policy_document.lambda_execution"
          ]
        }
      ]
    },
    {
      "mode": "managed",
      "type": "aws_iam_role",
      "name": "athena_execution_role",
      "provider": "provider[\"registry.terraform.io/hashicorp/aws\"]",
      "instances": [
        {
          "schema_version": 0,
          "attributes": {
            "arn": "arn:aws:iam::901207488135:role/datalake-pipeline-athena-execution-role-dev",
            "assume_role_policy": "{\"Statement\":[{\"Action\":\"sts:AssumeRole\",\"Effect\":\"Allow\",\"Principal\":{\"Service\":\"athena.amazonaws.com\"}},{\"Action\":\"sts:AssumeRole\",\"Effect\":\"Allow\",\"Principal\":{\"AWS\":\"arn:aws:iam::901207488135:root\"}}],\"Version\":\"2012-10-17\"}",
            "create_date": "2025-10-29T18:08:03Z",
            "description": "IAM role for Athena query execution with Data Lake access",
            "force_detach_policies": false,
            "id": "datalake-pipeline-athena-execution-role-dev",
            "inline_policy": [
              {
                "name": "datalake-pipeline-athena-glue-access-dev",
                "policy": "{\"Version\":\"2012-10-17\",\"Statement\":[{\"Action\":[\"glue:GetTables\",\"glue:GetTable\",\"glue:GetPartitions\",\"glue:GetPartition\",\"glue:GetDatabases\",\"glue:GetDatabase\",\"glue:BatchGetPartition\"],\"Effect\":\"Allow\",\"Resource\":[\"arn:aws:glue:us-east-1:901207488135:table/datalake-pipeline-catalog-dev/*\",\"arn:aws:glue:us-east-1:901207488135:database/datalake-pipeline-catalog-dev\",\"arn:aws:glue:us-east-1:901207488135:catalog\"],\"Sid\":\"GlueCatalogReadAccess\"}]}"
              },
              {
                "name": "datalake-pipeline-athena-s3-access-dev",
                "policy": "{\"Version\":\"2012-10-17\",\"Statement\":[{\"Action\":[\"s3:ListBucket\",\"s3:GetObject\",\"s3:GetBucketLocation\"],\"Effect\":\"Allow\",\"Resource\":[\"arn:aws:s3:::datalake-pipeline-silver-dev/*\",\"arn:aws:s3:::datalake-pipeline-silver-dev\",\"arn:aws:s3:::datalake-pipeline-gold-dev/*\",\"arn:aws:s3:::datalake-pipeline-gold-dev\",\"arn:aws:s3:::datalake-pipeline-bronze-dev/*\",\"arn:aws:s3:::datalake-pipeline-bronze-dev\"],\"Sid\":\"ReadDataLakeBuckets\"},{\"Action\":[\"s3:PutObject\",\"s3:ListBucket\",\"s3:GetObject\",\"s3:GetBucketLocation\",\"s3:DeleteObject\"],\"Effect\":\"Allow\",\"Resource\":[\"arn:aws:s3:::datalake-pipeline-athena-results-dev/*\",\"arn:aws:s3:::datalake-pipeline-athena-results-dev\"],\"Sid\":\"WriteAthenaResults\"}]}"
              },
              {
                "name": "datalake-pipeline-athena-service-access-dev",
                "policy": "{\"Version\":\"2012-10-17\",\"Statement\":[{\"Action\":[\"athena:StopQueryExecution\",\"athena:StartQueryExecution\",\"athena:ListWorkGroups\",\"athena:ListQueryExecutions\",\"athena:GetWorkGroup\",\"athena:GetQueryResults\",\"athena:GetQueryExecution\"],\"Effect\":\"Allow\",\"Resource\":\"arn:aws:athena:us-east-1:901207488135:workgroup/datalake-pipeline-workgroup-dev\",\"Sid\":\"AthenaQueryExecution\"}]}"
              }
            ],
            "managed_policy_arns": [],
            "max_session_duration": 3600,
            "name": "datalake-pipeline-athena-execution-role-dev",
            "name_prefix": "",
            "path": "/",
            "permissions_boundary": "",
            "tags": {
              "Component": "athena",
              "Environment": "dev",
              "ManagedBy": "Terraform",
              "Name": "datalake-pipeline-athena-execution-role-dev",
              "Project": "datalake-pipeline",
              "Region": "us-east-1"
            },
            "tags_all": {
              "Component": "athena",
              "Environment": "dev",
              "ManagedBy": "Terraform",
              "Name": "datalake-pipeline-athena-execution-role-dev",
              "Project": "datalake-pipeline",
              "Region": "us-east-1"
            },
            "unique_id": "AROA5DVBG62D3GX626AZ2"
          },
          "sensitive_attributes": [],
          "private": "bnVsbA==",
          "dependencies": [
            "data.aws_caller_identity.current",
            "data.aws_iam_policy_document.athena_assume_role"
          ]
        }
      ]
    },
    {
      "mode": "managed",
      "type": "aws_iam_role",
      "name": "glue_crawler_role",
      "provider": "provider[\"registry.terraform.io/hashicorp/aws\"]",
      "instances": [
        {
          "schema_version": 0,
          "attributes": {
            "arn": "arn:aws:iam::901207488135:role/datalake-pipeline-glue-crawler-role-dev",
            "assume_role_policy": "{\"Statement\":[{\"Action\":\"sts:AssumeRole\",\"Effect\":\"Allow\",\"Principal\":{\"Service\":\"glue.amazonaws.com\"}}],\"Version\":\"2012-10-17\"}",
            "create_date": "2025-10-29T18:08:03Z",
            "description": "IAM role for Glue Crawler to access S3 and Glue Catalog",
            "force_detach_policies": false,
            "id": "datalake-pipeline-glue-crawler-role-dev",
            "inline_policy": [
              {
                "name": "datalake-pipeline-glue-catalog-access-dev",
                "policy": "{\"Version\":\"2012-10-17\",\"Statement\":[{\"Action\":[\"glue:UpdateTable\",\"glue:UpdatePartition\",\"glue:GetTables\",\"glue:GetTable\",\"glue:GetPartitions\",\"glue:GetPartition\",\"glue:GetDatabase\",\"glue:DeleteTable\",\"glue:DeletePartition\",\"glue:CreateTable\",\"glue:CreatePartition\",\"glue:BatchUpdatePartition\",\"glue:BatchGetPartition\",\"glue:BatchDeletePartition\",\"glue:BatchCreatePartition\"],\"Effect\":\"Allow\",\"Resource\":[\"arn:aws:glue:us-east-1:901207488135:table/datalake-pipeline-catalog-dev/*\",\"arn:aws:glue:us-east-1:901207488135:database/datalake-pipeline-catalog-dev\",\"arn:aws:glue:us-east-1:901207488135:catalog\"],\"Sid\":\"GlueCatalogAccess\"}]}"
              },
              {
                "name": "datalake-pipeline-glue-cloudwatch-access-dev",
                "policy": "{\"Version\":\"2012-10-17\",\"Statement\":[{\"Action\":[\"logs:PutLogEvents\",\"logs:CreateLogStream\",\"logs:CreateLogGroup\"],\"Effect\":\"Allow\",\"Resource\":\"arn:aws:logs:us-east-1:901207488135:log-group:/aws-glue/*\",\"Sid\":\"CloudWatchLogsAccess\"}]}"
              },
              {
                "name": "datalake-pipeline-glue-s3-access-dev",
                "policy": "{\"Version\":\"2012-10-17\",\"Statement\":[{\"Action\":[\"s3:ListBucket\",\"s3:GetObject\"],\"Effect\":\"Allow\",\"Resource\":[\"arn:aws:s3:::datalake-pipeline-bronze-dev/*\",\"arn:aws:s3:::datalake-pipeline-bronze-dev\"],\"Sid\":\"ReadBronzeBucket\"},{\"Action\":[\"s3:ListBucket\",\"s3:GetObject\"],\"Effect\":\"Allow\",\"Resource\":[\"arn:aws:s3:::datalake-pipeline-silver-dev/*\",\"arn:aws:s3:::datalake-pipeline-silver-dev\"],\"Sid\":\"ReadSilverBucket\"},{\"Action\":[\"s3:ListBucket\",\"s3:GetObject\"],\"Effect\":\"Allow\",\"Resource\":[\"arn:aws:s3:::datalake-pipeline-gold-dev/*\",\"arn:aws:s3:::datalake-pipeline-gold-dev\"],\"Sid\":\"ReadGoldBucket\"}]}"
              }
            ],
            "managed_policy_arns": [],
            "max_session_duration": 3600,
            "name": "datalake-pipeline-glue-crawler-role-dev",
            "name_prefix": "",
            "path": "/",
            "permissions_boundary": "",
            "tags": {
              "Component": "glue-crawler",
              "Environment": "dev",
              "ManagedBy": "Terraform",
              "Name": "datalake-pipeline-glue-crawler-role-dev",
              "Project": "datalake-pipeline",
              "Region": "us-east-1"
            },
            "tags_all": {
              "Component": "glue-crawler",
              "Environment": "dev",
              "ManagedBy": "Terraform",
              "Name": "datalake-pipeline-glue-crawler-role-dev",
              "Project": "datalake-pipeline",
              "Region": "us-east-1"
            },
            "unique_id": "AROA5DVBG62D6DBI46T6S"
          },
          "sensitive_attributes": [],
          "private": "bnVsbA==",
          "dependencies": [
            "data.aws_iam_policy_document.glue_assume_role"
          ]
        }
      ]
    },
    {
      "mode": "managed",
      "type": "aws_iam_role",
      "name": "lambda_execution",
      "provider": "provider[\"registry.terraform.io/hashicorp/aws\"]",
      "instances": [
        {
          "schema_version": 0,
          "attributes": {
            "arn": "arn:aws:iam::901207488135:role/datalake-pipeline-lambda-execution-role-dev",
            "assume_role_policy": "{\"Statement\":[{\"Action\":\"sts:AssumeRole\",\"Effect\":\"Allow\",\"Principal\":{\"Service\":\"lambda.amazonaws.com\"}}],\"Version\":\"2012-10-17\"}",
            "create_date": "2025-10-29T13:36:12Z",
            "description": "",
            "force_detach_policies": false,
            "id": "datalake-pipeline-lambda-execution-role-dev",
            "inline_policy": [],
            "managed_policy_arns": [
              "arn:aws:iam::901207488135:policy/datalake-pipeline-lambda-execution-policy-dev"
            ],
            "max_session_duration": 3600,
            "name": "datalake-pipeline-lambda-execution-role-dev",
            "name_prefix": "",
            "path": "/",
            "permissions_boundary": "",
            "tags": {
              "Name": "datalake-pipeline-lambda-execution-role-dev"
            },
            "tags_all": {
              "Environment": "dev",
              "ManagedBy": "Terraform",
              "Name": "datalake-pipeline-lambda-execution-role-dev",
              "Project": "DataLake-Pipeline"
            },
            "unique_id": "AROA5DVBG62DX4F6OBF5R"
          },
          "sensitive_attributes": [],
          "private": "bnVsbA==",
          "dependencies": [
            "data.aws_iam_policy_document.lambda_assume_role"
          ]
        }
      ]
    },
    {
      "mode": "managed",
      "type": "aws_iam_role_policy",
      "name": "athena_glue_policy",
      "provider": "provider[\"registry.terraform.io/hashicorp/aws\"]",
      "instances": [
        {
          "schema_version": 0,
          "attributes": {
            "id": "datalake-pipeline-athena-execution-role-dev:datalake-pipeline-athena-glue-access-dev",
            "name": "datalake-pipeline-athena-glue-access-dev",
            "name_prefix": "",
            "policy": "{\"Version\":\"2012-10-17\",\"Statement\":[{\"Action\":[\"glue:GetTables\",\"glue:GetTable\",\"glue:GetPartitions\",\"glue:GetPartition\",\"glue:GetDatabases\",\"glue:GetDatabase\",\"glue:BatchGetPartition\"],\"Effect\":\"Allow\",\"Resource\":[\"arn:aws:glue:us-east-1:901207488135:table/datalake-pipeline-catalog-dev/*\",\"arn:aws:glue:us-east-1:901207488135:database/datalake-pipeline-catalog-dev\",\"arn:aws:glue:us-east-1:901207488135:catalog\"],\"Sid\":\"GlueCatalogReadAccess\"}]}",
            "role": "datalake-pipeline-athena-execution-role-dev"
          },
          "sensitive_attributes": [],
          "private": "bnVsbA==",
          "dependencies": [
            "aws_glue_catalog_database.data_lake_database",
            "aws_iam_role.athena_execution_role",
            "data.aws_caller_identity.current",
            "data.aws_iam_policy_document.athena_assume_role",
            "data.aws_iam_policy_document.athena_glue_access"
          ]
        }
      ]
    },
    {
      "mode": "managed",
      "type": "aws_iam_role_policy",
      "name": "athena_s3_policy",
      "provider": "provider[\"registry.terraform.io/hashicorp/aws\"]",
      "instances": [
        {
          "schema_version": 0,
          "attributes": {
            "id": "datalake-pipeline-athena-execution-role-dev:datalake-pipeline-athena-s3-access-dev",
            "name": "datalake-pipeline-athena-s3-access-dev",
            "name_prefix": "",
            "policy": "{\"Version\":\"2012-10-17\",\"Statement\":[{\"Action\":[\"s3:ListBucket\",\"s3:GetObject\",\"s3:GetBucketLocation\"],\"Effect\":\"Allow\",\"Resource\":[\"arn:aws:s3:::datalake-pipeline-silver-dev/*\",\"arn:aws:s3:::datalake-pipeline-silver-dev\",\"arn:aws:s3:::datalake-pipeline-gold-dev/*\",\"arn:aws:s3:::datalake-pipeline-gold-dev\",\"arn:aws:s3:::datalake-pipeline-bronze-dev/*\",\"arn:aws:s3:::datalake-pipeline-bronze-dev\"],\"Sid\":\"ReadDataLakeBuckets\"},{\"Action\":[\"s3:PutObject\",\"s3:ListBucket\",\"s3:GetObject\",\"s3:GetBucketLocation\",\"s3:DeleteObject\"],\"Effect\":\"Allow\",\"Resource\":[\"arn:aws:s3:::datalake-pipeline-athena-results-dev/*\",\"arn:aws:s3:::datalake-pipeline-athena-results-dev\"],\"Sid\":\"WriteAthenaResults\"}]}",
            "role": "datalake-pipeline-athena-execution-role-dev"
          },
          "sensitive_attributes": [],
          "private": "bnVsbA==",
          "dependencies": [
            "aws_iam_role.athena_execution_role",
            "aws_s3_bucket.athena_results",
            "aws_s3_bucket.data_lake",
            "data.aws_caller_identity.current",
            "data.aws_iam_policy_document.athena_assume_role",
            "data.aws_iam_policy_document.athena_s3_access"
          ]
        }
      ]
    },
    {
      "mode": "managed",
      "type": "aws_iam_role_policy",
      "name": "athena_service_policy",
      "provider": "provider[\"registry.terraform.io/hashicorp/aws\"]",
      "instances": [
        {
          "schema_version": 0,
          "attributes": {
            "id": "datalake-pipeline-athena-execution-role-dev:datalake-pipeline-athena-service-access-dev",
            "name": "datalake-pipeline-athena-service-access-dev",
            "name_prefix": "",
            "policy": "{\"Version\":\"2012-10-17\",\"Statement\":[{\"Action\":[\"athena:StopQueryExecution\",\"athena:StartQueryExecution\",\"athena:ListWorkGroups\",\"athena:ListQueryExecutions\",\"athena:GetWorkGroup\",\"athena:GetQueryResults\",\"athena:GetQueryExecution\"],\"Effect\":\"Allow\",\"Resource\":\"arn:aws:athena:us-east-1:901207488135:workgroup/datalake-pipeline-workgroup-dev\",\"Sid\":\"AthenaQueryExecution\"}]}",
            "role": "datalake-pipeline-athena-execution-role-dev"
          },
          "sensitive_attributes": [],
          "private": "bnVsbA==",
          "dependencies": [
            "aws_athena_workgroup.data_lake",
            "aws_iam_role.athena_execution_role",
            "aws_s3_bucket.athena_results",
            "data.aws_caller_identity.current",
            "data.aws_iam_policy_document.athena_assume_role",
            "data.aws_iam_policy_document.athena_service_access"
          ]
        }
      ]
    },
    {
      "mode": "managed",
      "type": "aws_iam_role_policy",
      "name": "glue_catalog_policy",
      "provider": "provider[\"registry.terraform.io/hashicorp/aws\"]",
      "instances": [
        {
          "schema_version": 0,
          "attributes": {
            "id": "datalake-pipeline-glue-crawler-role-dev:datalake-pipeline-glue-catalog-access-dev",
            "name": "datalake-pipeline-glue-catalog-access-dev",
            "name_prefix": "",
            "policy": "{\"Version\":\"2012-10-17\",\"Statement\":[{\"Action\":[\"glue:UpdateTable\",\"glue:UpdatePartition\",\"glue:GetTables\",\"glue:GetTable\",\"glue:GetPartitions\",\"glue:GetPartition\",\"glue:GetDatabase\",\"glue:DeleteTable\",\"glue:DeletePartition\",\"glue:CreateTable\",\"glue:CreatePartition\",\"glue:BatchUpdatePartition\",\"glue:BatchGetPartition\",\"glue:BatchDeletePartition\",\"glue:BatchCreatePartition\"],\"Effect\":\"Allow\",\"Resource\":[\"arn:aws:glue:us-east-1:901207488135:table/datalake-pipeline-catalog-dev/*\",\"arn:aws:glue:us-east-1:901207488135:database/datalake-pipeline-catalog-dev\",\"arn:aws:glue:us-east-1:901207488135:catalog\"],\"Sid\":\"GlueCatalogAccess\"}]}",
            "role": "datalake-pipeline-glue-crawler-role-dev"
          },
          "sensitive_attributes": [],
          "private": "bnVsbA==",
          "dependencies": [
            "aws_glue_catalog_database.data_lake_database",
            "aws_iam_role.glue_crawler_role",
            "data.aws_caller_identity.current",
            "data.aws_iam_policy_document.glue_assume_role",
            "data.aws_iam_policy_document.glue_catalog_access"
          ]
        }
      ]
    },
    {
      "mode": "managed",
      "type": "aws_iam_role_policy",
      "name": "glue_cloudwatch_policy",
      "provider": "provider[\"registry.terraform.io/hashicorp/aws\"]",
      "instances": [
        {
          "schema_version": 0,
          "attributes": {
            "id": "datalake-pipeline-glue-crawler-role-dev:datalake-pipeline-glue-cloudwatch-access-dev",
            "name": "datalake-pipeline-glue-cloudwatch-access-dev",
            "name_prefix": "",
            "policy": "{\"Version\":\"2012-10-17\",\"Statement\":[{\"Action\":[\"logs:PutLogEvents\",\"logs:CreateLogStream\",\"logs:CreateLogGroup\"],\"Effect\":\"Allow\",\"Resource\":\"arn:aws:logs:us-east-1:901207488135:log-group:/aws-glue/*\",\"Sid\":\"CloudWatchLogsAccess\"}]}",
            "role": "datalake-pipeline-glue-crawler-role-dev"
          },
          "sensitive_attributes": [],
          "private": "bnVsbA==",
          "dependencies": [
            "aws_iam_role.glue_crawler_role",
            "data.aws_caller_identity.current",
            "data.aws_iam_policy_document.glue_assume_role",
            "data.aws_iam_policy_document.glue_cloudwatch_logs"
          ]
        }
      ]
    },
    {
      "mode": "managed",
      "type": "aws_iam_role_policy",
      "name": "glue_s3_policy",
      "provider": "provider[\"registry.terraform.io/hashicorp/aws\"]",
      "instances": [
        {
          "schema_version": 0,
          "attributes": {
            "id": "datalake-pipeline-glue-crawler-role-dev:datalake-pipeline-glue-s3-access-dev",
            "name": "datalake-pipeline-glue-s3-access-dev",
            "name_prefix": "",
            "policy": "{\"Version\":\"2012-10-17\",\"Statement\":[{\"Action\":[\"s3:ListBucket\",\"s3:GetObject\"],\"Effect\":\"Allow\",\"Resource\":[\"arn:aws:s3:::datalake-pipeline-bronze-dev/*\",\"arn:aws:s3:::datalake-pipeline-bronze-dev\"],\"Sid\":\"ReadBronzeBucket\"},{\"Action\":[\"s3:ListBucket\",\"s3:GetObject\"],\"Effect\":\"Allow\",\"Resource\":[\"arn:aws:s3:::datalake-pipeline-silver-dev/*\",\"arn:aws:s3:::datalake-pipeline-silver-dev\"],\"Sid\":\"ReadSilverBucket\"},{\"Action\":[\"s3:ListBucket\",\"s3:GetObject\"],\"Effect\":\"Allow\",\"Resource\":[\"arn:aws:s3:::datalake-pipeline-gold-dev/*\",\"arn:aws:s3:::datalake-pipeline-gold-dev\"],\"Sid\":\"ReadGoldBucket\"}]}",
            "role": "datalake-pipeline-glue-crawler-role-dev"
          },
          "sensitive_attributes": [],
          "private": "bnVsbA==",
          "dependencies": [
            "aws_iam_role.glue_crawler_role",
            "aws_s3_bucket.data_lake",
            "data.aws_iam_policy_document.glue_assume_role",
            "data.aws_iam_policy_document.glue_s3_access"
          ]
        }
      ]
    },
    {
      "mode": "managed",
      "type": "aws_iam_role_policy_attachment",
      "name": "lambda_execution",
      "provider": "provider[\"registry.terraform.io/hashicorp/aws\"]",
      "instances": [
        {
          "schema_version": 0,
          "attributes": {
            "id": "datalake-pipeline-lambda-execution-role-dev-20251029133617362300000001",
            "policy_arn": "arn:aws:iam::901207488135:policy/datalake-pipeline-lambda-execution-policy-dev",
            "role": "datalake-pipeline-lambda-execution-role-dev"
          },
          "sensitive_attributes": [],
          "private": "bnVsbA==",
          "dependencies": [
            "aws_iam_policy.lambda_execution",
            "aws_iam_role.lambda_execution",
            "aws_s3_bucket.data_lake",
            "data.aws_iam_policy_document.lambda_assume_role",
            "data.aws_iam_policy_document.lambda_execution"
          ]
        }
      ]
    },
    {
      "mode": "managed",
      "type": "aws_lambda_function",
      "name": "cleansing",
      "provider": "provider[\"registry.terraform.io/hashicorp/aws\"]",
      "instances": [
        {
          "schema_version": 0,
          "attributes": {
            "architectures": [
              "x86_64"
            ],
            "arn": "arn:aws:lambda:us-east-1:901207488135:function:datalake-pipeline-cleansing-dev",
            "code_sha256": "DqNCyFW7cmXJ28/xurS6zCgbFZdJmrYRhHCNr4gwRPk=",
            "code_signing_config_arn": "",
            "dead_letter_config": [],
            "description": "Lambda function for data cleansing - Transforms Bronze Parquet (nested) to Silver Parquet (flattened)",
            "environment": [
              {
                "variables": {
                  "BRONZE_BUCKET": "datalake-pipeline-bronze-dev",
                  "ENVIRONMENT": "dev",
                  "GOLD_BUCKET": "datalake-pipeline-gold-dev",
                  "LANDING_BUCKET": "datalake-pipeline-landing-dev",
                  "PROJECT_NAME": "datalake-pipeline",
                  "REGION": "us-east-1",
                  "SILVER_BUCKET": "datalake-pipeline-silver-dev",
                  "STAGE": "cleansing"
                }
              }
            ],
            "ephemeral_storage": [
              {
                "size": 512
              }
            ],
            "file_system_config": [],
            "filename": "../assets/cleansing_package.zip",
            "function_name": "datalake-pipeline-cleansing-dev",
            "handler": "lambda_function.lambda_handler",
            "id": "datalake-pipeline-cleansing-dev",
            "image_config": [],
            "image_uri": "",
            "invoke_arn": "arn:aws:apigateway:us-east-1:lambda:path/2015-03-31/functions/arn:aws:lambda:us-east-1:901207488135:function:datalake-pipeline-cleansing-dev/invocations",
            "kms_key_arn": "",
            "last_modified": "2025-10-30T15:17:49.000+0000",
            "layers": [
              "arn:aws:lambda:us-east-1:901207488135:layer:datalake-pipeline-pandas-pyarrow-layer:6"
            ],
            "logging_config": [
              {
                "application_log_level": "",
                "log_format": "Text",
                "log_group": "/aws/lambda/datalake-pipeline-cleansing-dev",
                "system_log_level": ""
              }
            ],
            "memory_size": 1024,
            "package_type": "Zip",
            "publish": false,
            "qualified_arn": "arn:aws:lambda:us-east-1:901207488135:function:datalake-pipeline-cleansing-dev:$LATEST",
            "qualified_invoke_arn": "arn:aws:apigateway:us-east-1:lambda:path/2015-03-31/functions/arn:aws:lambda:us-east-1:901207488135:function:datalake-pipeline-cleansing-dev:$LATEST/invocations",
            "replace_security_groups_on_destroy": null,
            "replacement_security_group_ids": null,
            "reserved_concurrent_executions": -1,
            "role": "arn:aws:iam::901207488135:role/datalake-pipeline-lambda-execution-role-dev",
            "runtime": "python3.9",
            "s3_bucket": null,
            "s3_key": null,
            "s3_object_version": null,
            "signing_job_arn": "",
            "signing_profile_version_arn": "",
            "skip_destroy": false,
            "snap_start": [],
            "source_code_hash": "DqNCyFW7cmXJ28/xurS6zCgbFZdJmrYRhHCNr4gwRPk=",
            "source_code_size": 4855,
            "tags": {
              "Function": "cleansing",
              "Layer": "silver",
              "Name": "datalake-pipeline-cleansing-dev",
              "Type": "real-implementation"
            },
            "tags_all": {
              "Environment": "dev",
              "Function": "cleansing",
              "Layer": "silver",
              "ManagedBy": "Terraform",
              "Name": "datalake-pipeline-cleansing-dev",
              "Project": "DataLake-Pipeline",
              "Type": "real-implementation"
            },
            "timeout": 300,
            "timeouts": null,
            "tracing_config": [
              {
                "mode": "PassThrough"
              }
            ],
            "version": "$LATEST",
            "vpc_config": []
          },
          "sensitive_attributes": [],
          "private": "eyJlMmJmYjczMC1lY2FhLTExZTYtOGY4OC0zNDM2M2JjN2M0YzAiOnsiY3JlYXRlIjo2MDAwMDAwMDAwMDAsImRlbGV0ZSI6NjAwMDAwMDAwMDAwLCJ1cGRhdGUiOjYwMDAwMDAwMDAwMH19",
          "dependencies": [
            "aws_iam_policy.lambda_execution",
            "aws_iam_role.lambda_execution",
            "aws_iam_role_policy_attachment.lambda_execution",
            "aws_lambda_layer_version.pandas_pyarrow",
            "aws_s3_bucket.data_lake",
            "aws_s3_bucket.lambda_layers",
            "aws_s3_object.pandas_layer",
            "data.aws_iam_policy_document.lambda_assume_role",
            "data.aws_iam_policy_document.lambda_execution"
          ]
        }
      ]
    },
    {
      "mode": "managed",
      "type": "aws_lambda_function",
      "name": "etl",
      "provider": "provider[\"registry.terraform.io/hashicorp/aws\"]",
      "instances": [
        {
          "index_key": "analysis",
          "schema_version": 0,
          "attributes": {
            "architectures": [
              "x86_64"
            ],
            "arn": "arn:aws:lambda:us-east-1:901207488135:function:datalake-pipeline-analysis-dev",
            "code_sha256": "ixe5HnaF5ntNMg3Hjayd7Uyl3QlMNQuAbQppVxmCNcg=",
            "code_signing_config_arn": "",
            "dead_letter_config": [],
            "description": "Lambda function for data analysis (Silver to Gold)",
            "environment": [
              {
                "variables": {
                  "BRONZE_BUCKET": "datalake-pipeline-bronze-dev",
                  "ENVIRONMENT": "dev",
                  "GOLD_BUCKET": "datalake-pipeline-gold-dev",
                  "LANDING_BUCKET": "datalake-pipeline-landing-dev",
                  "PROJECT_NAME": "datalake-pipeline",
                  "REGION": "us-east-1",
                  "SILVER_BUCKET": "datalake-pipeline-silver-dev",
                  "STAGE": "analysis"
                }
              }
            ],
            "ephemeral_storage": [
              {
                "size": 512
              }
            ],
            "file_system_config": [],
            "filename": "../assets/dummy_package.zip",
            "function_name": "datalake-pipeline-analysis-dev",
            "handler": "main.handler",
            "id": "datalake-pipeline-analysis-dev",
            "image_config": [],
            "image_uri": "",
            "invoke_arn": "arn:aws:apigateway:us-east-1:lambda:path/2015-03-31/functions/arn:aws:lambda:us-east-1:901207488135:function:datalake-pipeline-analysis-dev/invocations",
            "kms_key_arn": "",
            "last_modified": "2025-10-29T16:57:14.000+0000",
            "layers": [],
            "logging_config": [
              {
                "application_log_level": "",
                "log_format": "Text",
                "log_group": "/aws/lambda/datalake-pipeline-analysis-dev",
                "system_log_level": ""
              }
            ],
            "memory_size": 1024,
            "package_type": "Zip",
            "publish": false,
            "qualified_arn": "arn:aws:lambda:us-east-1:901207488135:function:datalake-pipeline-analysis-dev:$LATEST",
            "qualified_invoke_arn": "arn:aws:apigateway:us-east-1:lambda:path/2015-03-31/functions/arn:aws:lambda:us-east-1:901207488135:function:datalake-pipeline-analysis-dev:$LATEST/invocations",
            "replace_security_groups_on_destroy": null,
            "replacement_security_group_ids": null,
            "reserved_concurrent_executions": -1,
            "role": "arn:aws:iam::901207488135:role/datalake-pipeline-lambda-execution-role-dev",
            "runtime": "python3.9",
            "s3_bucket": null,
            "s3_key": null,
            "s3_object_version": null,
            "signing_job_arn": "",
            "signing_profile_version_arn": "",
            "skip_destroy": false,
            "snap_start": [],
            "source_code_hash": "ixe5HnaF5ntNMg3Hjayd7Uyl3QlMNQuAbQppVxmCNcg=",
            "source_code_size": 400,
            "tags": {
              "Function": "analysis",
              "Name": "datalake-pipeline-analysis-dev"
            },
            "tags_all": {
              "Environment": "dev",
              "Function": "analysis",
              "ManagedBy": "Terraform",
              "Name": "datalake-pipeline-analysis-dev",
              "Project": "DataLake-Pipeline"
            },
            "timeout": 600,
            "timeouts": null,
            "tracing_config": [
              {
                "mode": "PassThrough"
              }
            ],
            "version": "$LATEST",
            "vpc_config": []
          },
          "sensitive_attributes": [],
          "private": "eyJlMmJmYjczMC1lY2FhLTExZTYtOGY4OC0zNDM2M2JjN2M0YzAiOnsiY3JlYXRlIjo2MDAwMDAwMDAwMDAsImRlbGV0ZSI6NjAwMDAwMDAwMDAwLCJ1cGRhdGUiOjYwMDAwMDAwMDAwMH19",
          "dependencies": [
            "aws_iam_policy.lambda_execution",
            "aws_iam_role.lambda_execution",
            "aws_iam_role_policy_attachment.lambda_execution",
            "aws_s3_bucket.data_lake",
            "data.aws_iam_policy_document.lambda_assume_role",
            "data.aws_iam_policy_document.lambda_execution"
          ]
        },
        {
          "index_key": "compliance",
          "schema_version": 0,
          "attributes": {
            "architectures": [
              "x86_64"
            ],
            "arn": "arn:aws:lambda:us-east-1:901207488135:function:datalake-pipeline-compliance-dev",
            "code_sha256": "ixe5HnaF5ntNMg3Hjayd7Uyl3QlMNQuAbQppVxmCNcg=",
            "code_signing_config_arn": "",
            "dead_letter_config": [],
            "description": "Lambda function for compliance validation (Gold layer)",
            "environment": [
              {
                "variables": {
                  "BRONZE_BUCKET": "datalake-pipeline-bronze-dev",
                  "ENVIRONMENT": "dev",
                  "GOLD_BUCKET": "datalake-pipeline-gold-dev",
                  "LANDING_BUCKET": "datalake-pipeline-landing-dev",
                  "PROJECT_NAME": "datalake-pipeline",
                  "REGION": "us-east-1",
                  "SILVER_BUCKET": "datalake-pipeline-silver-dev",
                  "STAGE": "compliance"
                }
              }
            ],
            "ephemeral_storage": [
              {
                "size": 512
              }
            ],
            "file_system_config": [],
            "filename": "../assets/dummy_package.zip",
            "function_name": "datalake-pipeline-compliance-dev",
            "handler": "main.handler",
            "id": "datalake-pipeline-compliance-dev",
            "image_config": [],
            "image_uri": "",
            "invoke_arn": "arn:aws:apigateway:us-east-1:lambda:path/2015-03-31/functions/arn:aws:lambda:us-east-1:901207488135:function:datalake-pipeline-compliance-dev/invocations",
            "kms_key_arn": "",
            "last_modified": "2025-10-29T16:57:14.000+0000",
            "layers": [],
            "logging_config": [
              {
                "application_log_level": "",
                "log_format": "Text",
                "log_group": "/aws/lambda/datalake-pipeline-compliance-dev",
                "system_log_level": ""
              }
            ],
            "memory_size": 512,
            "package_type": "Zip",
            "publish": false,
            "qualified_arn": "arn:aws:lambda:us-east-1:901207488135:function:datalake-pipeline-compliance-dev:$LATEST",
            "qualified_invoke_arn": "arn:aws:apigateway:us-east-1:lambda:path/2015-03-31/functions/arn:aws:lambda:us-east-1:901207488135:function:datalake-pipeline-compliance-dev:$LATEST/invocations",
            "replace_security_groups_on_destroy": null,
            "replacement_security_group_ids": null,
            "reserved_concurrent_executions": -1,
            "role": "arn:aws:iam::901207488135:role/datalake-pipeline-lambda-execution-role-dev",
            "runtime": "python3.9",
            "s3_bucket": null,
            "s3_key": null,
            "s3_object_version": null,
            "signing_job_arn": "",
            "signing_profile_version_arn": "",
            "skip_destroy": false,
            "snap_start": [],
            "source_code_hash": "ixe5HnaF5ntNMg3Hjayd7Uyl3QlMNQuAbQppVxmCNcg=",
            "source_code_size": 400,
            "tags": {
              "Function": "compliance",
              "Name": "datalake-pipeline-compliance-dev"
            },
            "tags_all": {
              "Environment": "dev",
              "Function": "compliance",
              "ManagedBy": "Terraform",
              "Name": "datalake-pipeline-compliance-dev",
              "Project": "DataLake-Pipeline"
            },
            "timeout": 300,
            "timeouts": null,
            "tracing_config": [
              {
                "mode": "PassThrough"
              }
            ],
            "version": "$LATEST",
            "vpc_config": []
          },
          "sensitive_attributes": [],
          "private": "eyJlMmJmYjczMC1lY2FhLTExZTYtOGY4OC0zNDM2M2JjN2M0YzAiOnsiY3JlYXRlIjo2MDAwMDAwMDAwMDAsImRlbGV0ZSI6NjAwMDAwMDAwMDAwLCJ1cGRhdGUiOjYwMDAwMDAwMDAwMH19",
          "dependencies": [
            "aws_iam_policy.lambda_execution",
            "aws_iam_role.lambda_execution",
            "aws_iam_role_policy_attachment.lambda_execution",
            "aws_s3_bucket.data_lake",
            "data.aws_iam_policy_document.lambda_assume_role",
            "data.aws_iam_policy_document.lambda_execution"
          ]
        }
      ]
    },
    {
      "mode": "managed",
      "type": "aws_lambda_function",
      "name": "ingestion",
      "provider": "provider[\"registry.terraform.io/hashicorp/aws\"]",
      "instances": [
        {
          "schema_version": 0,
          "attributes": {
            "architectures": [
              "x86_64"
            ],
            "arn": "arn:aws:lambda:us-east-1:901207488135:function:datalake-pipeline-ingestion-dev",
            "code_sha256": "GpIqeUgeGLhmeAJgff9maxK5ZDperpk1fN25nl53dLk=",
            "code_signing_config_arn": "",
            "dead_letter_config": [],
            "description": "Lambda function for data ingestion - Converts CSV/JSON to Parquet (Landing to Bronze)",
            "environment": [
              {
                "variables": {
                  "BRONZE_BUCKET": "datalake-pipeline-bronze-dev",
                  "ENVIRONMENT": "dev",
                  "GOLD_BUCKET": "datalake-pipeline-gold-dev",
                  "LANDING_BUCKET": "datalake-pipeline-landing-dev",
                  "PROJECT_NAME": "datalake-pipeline",
                  "REGION": "us-east-1",
                  "SILVER_BUCKET": "datalake-pipeline-silver-dev",
                  "STAGE": "ingestion"
                }
              }
            ],
            "ephemeral_storage": [
              {
                "size": 512
              }
            ],
            "file_system_config": [],
            "filename": "../assets/ingestion_package.zip",
            "function_name": "datalake-pipeline-ingestion-dev",
            "handler": "lambda_function.lambda_handler",
            "id": "datalake-pipeline-ingestion-dev",
            "image_config": [],
            "image_uri": "",
            "invoke_arn": "arn:aws:apigateway:us-east-1:lambda:path/2015-03-31/functions/arn:aws:lambda:us-east-1:901207488135:function:datalake-pipeline-ingestion-dev/invocations",
            "kms_key_arn": "",
            "last_modified": "2025-10-30T15:41:46.000+0000",
            "layers": [
              "arn:aws:lambda:us-east-1:901207488135:layer:datalake-pipeline-pandas-pyarrow-layer:6"
            ],
            "logging_config": [
              {
                "application_log_level": "",
                "log_format": "Text",
                "log_group": "/aws/lambda/datalake-pipeline-ingestion-dev",
                "system_log_level": ""
              }
            ],
            "memory_size": 512,
            "package_type": "Zip",
            "publish": false,
            "qualified_arn": "arn:aws:lambda:us-east-1:901207488135:function:datalake-pipeline-ingestion-dev:$LATEST",
            "qualified_invoke_arn": "arn:aws:apigateway:us-east-1:lambda:path/2015-03-31/functions/arn:aws:lambda:us-east-1:901207488135:function:datalake-pipeline-ingestion-dev:$LATEST/invocations",
            "replace_security_groups_on_destroy": null,
            "replacement_security_group_ids": null,
            "reserved_concurrent_executions": -1,
            "role": "arn:aws:iam::901207488135:role/datalake-pipeline-lambda-execution-role-dev",
            "runtime": "python3.9",
            "s3_bucket": null,
            "s3_key": null,
            "s3_object_version": null,
            "signing_job_arn": "",
            "signing_profile_version_arn": "",
            "skip_destroy": false,
            "snap_start": [],
            "source_code_hash": "GpIqeUgeGLhmeAJgff9maxK5ZDperpk1fN25nl53dLk=",
            "source_code_size": 3632,
            "tags": {
              "Function": "ingestion",
              "Name": "datalake-pipeline-ingestion-dev",
              "Type": "real-implementation"
            },
            "tags_all": {
              "Environment": "dev",
              "Function": "ingestion",
              "ManagedBy": "Terraform",
              "Name": "datalake-pipeline-ingestion-dev",
              "Project": "DataLake-Pipeline",
              "Type": "real-implementation"
            },
            "timeout": 120,
            "timeouts": null,
            "tracing_config": [
              {
                "mode": "PassThrough"
              }
            ],
            "version": "$LATEST",
            "vpc_config": []
          },
          "sensitive_attributes": [],
          "private": "eyJlMmJmYjczMC1lY2FhLTExZTYtOGY4OC0zNDM2M2JjN2M0YzAiOnsiY3JlYXRlIjo2MDAwMDAwMDAwMDAsImRlbGV0ZSI6NjAwMDAwMDAwMDAwLCJ1cGRhdGUiOjYwMDAwMDAwMDAwMH19",
          "dependencies": [
            "aws_iam_policy.lambda_execution",
            "aws_iam_role.lambda_execution",
            "aws_iam_role_policy_attachment.lambda_execution",
            "aws_lambda_layer_version.pandas_pyarrow",
            "aws_s3_bucket.data_lake",
            "aws_s3_bucket.lambda_layers",
            "aws_s3_object.pandas_layer",
            "data.aws_iam_policy_document.lambda_assume_role",
            "data.aws_iam_policy_document.lambda_execution"
          ]
        }
      ]
    },
    {
      "mode": "managed",
      "type": "aws_lambda_layer_version",
      "name": "pandas_pyarrow",
      "provider": "provider[\"registry.terraform.io/hashicorp/aws\"]",
      "instances": [
        {
          "schema_version": 0,
          "attributes": {
            "arn": "arn:aws:lambda:us-east-1:901207488135:layer:datalake-pipeline-pandas-pyarrow-layer:6",
            "code_sha256": "niqxwzF3IgAW+KWafz7Uxw2udSnBUr29Qi1zU+68edc=",
            "compatible_architectures": [],
            "compatible_runtimes": [
              "python3.10",
              "python3.11",
              "python3.9"
            ],
            "created_date": "2025-10-29T17:50:37.128+0000",
            "description": "Lambda Layer with Pandas and PyArrow for data processing",
            "filename": null,
            "id": "arn:aws:lambda:us-east-1:901207488135:layer:datalake-pipeline-pandas-pyarrow-layer:6",
            "layer_arn": "arn:aws:lambda:us-east-1:901207488135:layer:datalake-pipeline-pandas-pyarrow-layer",
            "layer_name": "datalake-pipeline-pandas-pyarrow-layer",
            "license_info": "",
            "s3_bucket": "datalake-pipeline-lambda-layers-dev",
            "s3_key": "layers/pandas_pyarrow_layer.zip",
            "s3_object_version": null,
            "signing_job_arn": "",
            "signing_profile_version_arn": "",
            "skip_destroy": false,
            "source_code_hash": "niqxwzF3IgAW+KWafz7Uxw2udSnBUr29Qi1zU+68edc=",
            "source_code_size": 75212631,
            "version": "6"
          },
          "sensitive_attributes": [],
          "private": "bnVsbA==",
          "dependencies": [
            "aws_s3_bucket.lambda_layers",
            "aws_s3_object.pandas_layer"
          ],
          "create_before_destroy": true
        }
      ]
    },
    {
      "mode": "managed",
      "type": "aws_lambda_permission",
      "name": "allow_s3_invoke_cleansing",
      "provider": "provider[\"registry.terraform.io/hashicorp/aws\"]",
      "instances": [
        {
          "schema_version": 0,
          "attributes": {
            "action": "lambda:InvokeFunction",
            "event_source_token": null,
            "function_name": "datalake-pipeline-cleansing-dev",
            "function_url_auth_type": null,
            "id": "AllowExecutionFromS3Bucket",
            "principal": "s3.amazonaws.com",
            "principal_org_id": null,
            "qualifier": "",
            "source_account": null,
            "source_arn": "arn:aws:s3:::datalake-pipeline-bronze-dev",
            "statement_id": "AllowExecutionFromS3Bucket",
            "statement_id_prefix": ""
          },
          "sensitive_attributes": [],
          "private": "bnVsbA==",
          "dependencies": [
            "aws_iam_policy.lambda_execution",
            "aws_iam_role.lambda_execution",
            "aws_iam_role_policy_attachment.lambda_execution",
            "aws_lambda_function.cleansing",
            "aws_lambda_layer_version.pandas_pyarrow",
            "aws_s3_bucket.data_lake",
            "aws_s3_bucket.lambda_layers",
            "aws_s3_object.pandas_layer",
            "data.aws_iam_policy_document.lambda_assume_role",
            "data.aws_iam_policy_document.lambda_execution"
          ]
        }
      ]
    },
    {
      "mode": "managed",
      "type": "aws_lambda_permission",
      "name": "allow_s3_invoke_ingestion",
      "provider": "provider[\"registry.terraform.io/hashicorp/aws\"]",
      "instances": [
        {
          "schema_version": 0,
          "attributes": {
            "action": "lambda:InvokeFunction",
            "event_source_token": null,
            "function_name": "datalake-pipeline-ingestion-dev",
            "function_url_auth_type": null,
            "id": "AllowExecutionFromS3Bucket",
            "principal": "s3.amazonaws.com",
            "principal_org_id": null,
            "qualifier": "",
            "source_account": null,
            "source_arn": "arn:aws:s3:::datalake-pipeline-landing-dev",
            "statement_id": "AllowExecutionFromS3Bucket",
            "statement_id_prefix": ""
          },
          "sensitive_attributes": [],
          "private": "bnVsbA==",
          "dependencies": [
            "aws_iam_policy.lambda_execution",
            "aws_iam_role.lambda_execution",
            "aws_iam_role_policy_attachment.lambda_execution",
            "aws_lambda_function.ingestion",
            "aws_lambda_layer_version.pandas_pyarrow",
            "aws_s3_bucket.data_lake",
            "aws_s3_bucket.lambda_layers",
            "aws_s3_object.pandas_layer",
            "data.aws_iam_policy_document.lambda_assume_role",
            "data.aws_iam_policy_document.lambda_execution"
          ]
        }
      ]
    },
    {
      "mode": "managed",
      "type": "aws_s3_bucket",
      "name": "athena_results",
      "provider": "provider[\"registry.terraform.io/hashicorp/aws\"]",
      "instances": [
        {
          "schema_version": 0,
          "attributes": {
            "acceleration_status": "",
            "acl": null,
            "arn": "arn:aws:s3:::datalake-pipeline-athena-results-dev",
            "bucket": "datalake-pipeline-athena-results-dev",
            "bucket_domain_name": "datalake-pipeline-athena-results-dev.s3.amazonaws.com",
            "bucket_prefix": "",
            "bucket_regional_domain_name": "datalake-pipeline-athena-results-dev.s3.us-east-1.amazonaws.com",
            "cors_rule": [],
            "force_destroy": false,
            "grant": [
              {
                "id": "cef2ed393dcf51b407f041dd00a34d282355cd2e36907107edba400025e21a42",
                "permissions": [
                  "FULL_CONTROL"
                ],
                "type": "CanonicalUser",
                "uri": ""
              }
            ],
            "hosted_zone_id": "Z3AQBSTGFYJSTF",
            "id": "datalake-pipeline-athena-results-dev",
            "lifecycle_rule": [
              {
                "abort_incomplete_multipart_upload_days": 7,
                "enabled": true,
                "expiration": [
                  {
                    "date": "",
                    "days": 30,
                    "expired_object_delete_marker": false
                  }
                ],
                "id": "cleanup-old-query-results",
                "noncurrent_version_expiration": [],
                "noncurrent_version_transition": [],
                "prefix": "query-results/",
                "tags": {},
                "transition": []
              }
            ],
            "logging": [],
            "object_lock_configuration": [],
            "object_lock_enabled": false,
            "policy": "",
            "region": "us-east-1",
            "replication_configuration": [],
            "request_payer": "BucketOwner",
            "server_side_encryption_configuration": [
              {
                "rule": [
                  {
                    "apply_server_side_encryption_by_default": [
                      {
                        "kms_master_key_id": "",
                        "sse_algorithm": "AES256"
                      }
                    ],
                    "bucket_key_enabled": false
                  }
                ]
              }
            ],
            "tags": {
              "Component": "athena-results",
              "Environment": "dev",
              "ManagedBy": "Terraform",
              "Name": "datalake-pipeline-athena-results-dev",
              "Project": "datalake-pipeline",
              "Purpose": "Store Athena query results and metadata",
              "Region": "us-east-1"
            },
            "tags_all": {
              "Component": "athena-results",
              "Environment": "dev",
              "ManagedBy": "Terraform",
              "Name": "datalake-pipeline-athena-results-dev",
              "Project": "datalake-pipeline",
              "Purpose": "Store Athena query results and metadata",
              "Region": "us-east-1"
            },
            "timeouts": null,
            "versioning": [
              {
                "enabled": true,
                "mfa_delete": false
              }
            ],
            "website": [],
            "website_domain": null,
            "website_endpoint": null
          },
          "sensitive_attributes": [],
          "private": "eyJlMmJmYjczMC1lY2FhLTExZTYtOGY4OC0zNDM2M2JjN2M0YzAiOnsiY3JlYXRlIjoxMjAwMDAwMDAwMDAwLCJkZWxldGUiOjM2MDAwMDAwMDAwMDAsInJlYWQiOjEyMDAwMDAwMDAwMDAsInVwZGF0ZSI6MTIwMDAwMDAwMDAwMH19"
        }
      ]
    },
    {
      "mode": "managed",
      "type": "aws_s3_bucket",
      "name": "data_lake",
      "provider": "provider[\"registry.terraform.io/hashicorp/aws\"]",
      "instances": [
        {
          "index_key": "bronze",
          "schema_version": 0,
          "attributes": {
            "acceleration_status": "",
            "acl": null,
            "arn": "arn:aws:s3:::datalake-pipeline-bronze-dev",
            "bucket": "datalake-pipeline-bronze-dev",
            "bucket_domain_name": "datalake-pipeline-bronze-dev.s3.amazonaws.com",
            "bucket_prefix": "",
            "bucket_regional_domain_name": "datalake-pipeline-bronze-dev.s3.us-east-1.amazonaws.com",
            "cors_rule": [],
            "force_destroy": false,
            "grant": [
              {
                "id": "cef2ed393dcf51b407f041dd00a34d282355cd2e36907107edba400025e21a42",
                "permissions": [
                  "FULL_CONTROL"
                ],
                "type": "CanonicalUser",
                "uri": ""
              }
            ],
            "hosted_zone_id": "Z3AQBSTGFYJSTF",
            "id": "datalake-pipeline-bronze-dev",
            "lifecycle_rule": [
              {
                "abort_incomplete_multipart_upload_days": 0,
                "enabled": true,
                "expiration": [
                  {
                    "date": "",
                    "days": 730,
                    "expired_object_delete_marker": false
                  }
                ],
                "id": "transition-and-expiration",
                "noncurrent_version_expiration": [
                  {
                    "days": 90
                  }
                ],
                "noncurrent_version_transition": [],
                "prefix": "",
                "tags": {},
                "transition": [
                  {
                    "date": "",
                    "days": 180,
                    "storage_class": "GLACIER"
                  },
                  {
                    "date": "",
                    "days": 365,
                    "storage_class": "DEEP_ARCHIVE"
                  }
                ]
              }
            ],
            "logging": [],
            "object_lock_configuration": [],
            "object_lock_enabled": false,
            "policy": "",
            "region": "us-east-1",
            "replication_configuration": [],
            "request_payer": "BucketOwner",
            "server_side_encryption_configuration": [
              {
                "rule": [
                  {
                    "apply_server_side_encryption_by_default": [
                      {
                        "kms_master_key_id": "",
                        "sse_algorithm": "AES256"
                      }
                    ],
                    "bucket_key_enabled": false
                  }
                ]
              }
            ],
            "tags": {
              "Layer": "bronze",
              "Name": "datalake-pipeline-bronze-dev"
            },
            "tags_all": {
              "Environment": "dev",
              "Layer": "bronze",
              "ManagedBy": "Terraform",
              "Name": "datalake-pipeline-bronze-dev",
              "Project": "DataLake-Pipeline"
            },
            "timeouts": null,
            "versioning": [
              {
                "enabled": true,
                "mfa_delete": false
              }
            ],
            "website": [],
            "website_domain": null,
            "website_endpoint": null
          },
          "sensitive_attributes": [],
          "private": "eyJlMmJmYjczMC1lY2FhLTExZTYtOGY4OC0zNDM2M2JjN2M0YzAiOnsiY3JlYXRlIjoxMjAwMDAwMDAwMDAwLCJkZWxldGUiOjM2MDAwMDAwMDAwMDAsInJlYWQiOjEyMDAwMDAwMDAwMDAsInVwZGF0ZSI6MTIwMDAwMDAwMDAwMH19"
        },
        {
          "index_key": "gold",
          "schema_version": 0,
          "attributes": {
            "acceleration_status": "",
            "acl": null,
            "arn": "arn:aws:s3:::datalake-pipeline-gold-dev",
            "bucket": "datalake-pipeline-gold-dev",
            "bucket_domain_name": "datalake-pipeline-gold-dev.s3.amazonaws.com",
            "bucket_prefix": "",
            "bucket_regional_domain_name": "datalake-pipeline-gold-dev.s3.us-east-1.amazonaws.com",
            "cors_rule": [],
            "force_destroy": false,
            "grant": [
              {
                "id": "cef2ed393dcf51b407f041dd00a34d282355cd2e36907107edba400025e21a42",
                "permissions": [
                  "FULL_CONTROL"
                ],
                "type": "CanonicalUser",
                "uri": ""
              }
            ],
            "hosted_zone_id": "Z3AQBSTGFYJSTF",
            "id": "datalake-pipeline-gold-dev",
            "lifecycle_rule": [],
            "logging": [],
            "object_lock_configuration": [],
            "object_lock_enabled": false,
            "policy": "",
            "region": "us-east-1",
            "replication_configuration": [],
            "request_payer": "BucketOwner",
            "server_side_encryption_configuration": [
              {
                "rule": [
                  {
                    "apply_server_side_encryption_by_default": [
                      {
                        "kms_master_key_id": "",
                        "sse_algorithm": "AES256"
                      }
                    ],
                    "bucket_key_enabled": false
                  }
                ]
              }
            ],
            "tags": {
              "Layer": "gold",
              "Name": "datalake-pipeline-gold-dev"
            },
            "tags_all": {
              "Environment": "dev",
              "Layer": "gold",
              "ManagedBy": "Terraform",
              "Name": "datalake-pipeline-gold-dev",
              "Project": "DataLake-Pipeline"
            },
            "timeouts": null,
            "versioning": [
              {
                "enabled": true,
                "mfa_delete": false
              }
            ],
            "website": [],
            "website_domain": null,
            "website_endpoint": null
          },
          "sensitive_attributes": [],
          "private": "eyJlMmJmYjczMC1lY2FhLTExZTYtOGY4OC0zNDM2M2JjN2M0YzAiOnsiY3JlYXRlIjoxMjAwMDAwMDAwMDAwLCJkZWxldGUiOjM2MDAwMDAwMDAwMDAsInJlYWQiOjEyMDAwMDAwMDAwMDAsInVwZGF0ZSI6MTIwMDAwMDAwMDAwMH19"
        },
        {
          "index_key": "landing",
          "schema_version": 0,
          "attributes": {
            "acceleration_status": "",
            "acl": null,
            "arn": "arn:aws:s3:::datalake-pipeline-landing-dev",
            "bucket": "datalake-pipeline-landing-dev",
            "bucket_domain_name": "datalake-pipeline-landing-dev.s3.amazonaws.com",
            "bucket_prefix": "",
            "bucket_regional_domain_name": "datalake-pipeline-landing-dev.s3.us-east-1.amazonaws.com",
            "cors_rule": [],
            "force_destroy": false,
            "grant": [
              {
                "id": "cef2ed393dcf51b407f041dd00a34d282355cd2e36907107edba400025e21a42",
                "permissions": [
                  "FULL_CONTROL"
                ],
                "type": "CanonicalUser",
                "uri": ""
              }
            ],
            "hosted_zone_id": "Z3AQBSTGFYJSTF",
            "id": "datalake-pipeline-landing-dev",
            "lifecycle_rule": [
              {
                "abort_incomplete_multipart_upload_days": 0,
                "enabled": true,
                "expiration": [
                  {
                    "date": "",
                    "days": 365,
                    "expired_object_delete_marker": false
                  }
                ],
                "id": "transition-and-expiration",
                "noncurrent_version_expiration": [
                  {
                    "days": 90
                  }
                ],
                "noncurrent_version_transition": [],
                "prefix": "",
                "tags": {},
                "transition": [
                  {
                    "date": "",
                    "days": 180,
                    "storage_class": "DEEP_ARCHIVE"
                  },
                  {
                    "date": "",
                    "days": 90,
                    "storage_class": "GLACIER"
                  }
                ]
              }
            ],
            "logging": [],
            "object_lock_configuration": [],
            "object_lock_enabled": false,
            "policy": "",
            "region": "us-east-1",
            "replication_configuration": [],
            "request_payer": "BucketOwner",
            "server_side_encryption_configuration": [
              {
                "rule": [
                  {
                    "apply_server_side_encryption_by_default": [
                      {
                        "kms_master_key_id": "",
                        "sse_algorithm": "AES256"
                      }
                    ],
                    "bucket_key_enabled": false
                  }
                ]
              }
            ],
            "tags": {
              "Layer": "landing",
              "Name": "datalake-pipeline-landing-dev"
            },
            "tags_all": {
              "Environment": "dev",
              "Layer": "landing",
              "ManagedBy": "Terraform",
              "Name": "datalake-pipeline-landing-dev",
              "Project": "DataLake-Pipeline"
            },
            "timeouts": null,
            "versioning": [
              {
                "enabled": true,
                "mfa_delete": false
              }
            ],
            "website": [],
            "website_domain": null,
            "website_endpoint": null
          },
          "sensitive_attributes": [],
          "private": "eyJlMmJmYjczMC1lY2FhLTExZTYtOGY4OC0zNDM2M2JjN2M0YzAiOnsiY3JlYXRlIjoxMjAwMDAwMDAwMDAwLCJkZWxldGUiOjM2MDAwMDAwMDAwMDAsInJlYWQiOjEyMDAwMDAwMDAwMDAsInVwZGF0ZSI6MTIwMDAwMDAwMDAwMH19"
        },
        {
          "index_key": "silver",
          "schema_version": 0,
          "attributes": {
            "acceleration_status": "",
            "acl": null,
            "arn": "arn:aws:s3:::datalake-pipeline-silver-dev",
            "bucket": "datalake-pipeline-silver-dev",
            "bucket_domain_name": "datalake-pipeline-silver-dev.s3.amazonaws.com",
            "bucket_prefix": "",
            "bucket_regional_domain_name": "datalake-pipeline-silver-dev.s3.us-east-1.amazonaws.com",
            "cors_rule": [],
            "force_destroy": false,
            "grant": [
              {
                "id": "cef2ed393dcf51b407f041dd00a34d282355cd2e36907107edba400025e21a42",
                "permissions": [
                  "FULL_CONTROL"
                ],
                "type": "CanonicalUser",
                "uri": ""
              }
            ],
            "hosted_zone_id": "Z3AQBSTGFYJSTF",
            "id": "datalake-pipeline-silver-dev",
            "lifecycle_rule": [
              {
                "abort_incomplete_multipart_upload_days": 0,
                "enabled": true,
                "expiration": [
                  {
                    "date": "",
                    "days": 1095,
                    "expired_object_delete_marker": false
                  }
                ],
                "id": "transition-and-expiration",
                "noncurrent_version_expiration": [
                  {
                    "days": 90
                  }
                ],
                "noncurrent_version_transition": [],
                "prefix": "",
                "tags": {},
                "transition": [
                  {
                    "date": "",
                    "days": 365,
                    "storage_class": "GLACIER"
                  },
                  {
                    "date": "",
                    "days": 730,
                    "storage_class": "DEEP_ARCHIVE"
                  }
                ]
              }
            ],
            "logging": [],
            "object_lock_configuration": [],
            "object_lock_enabled": false,
            "policy": "",
            "region": "us-east-1",
            "replication_configuration": [],
            "request_payer": "BucketOwner",
            "server_side_encryption_configuration": [
              {
                "rule": [
                  {
                    "apply_server_side_encryption_by_default": [
                      {
                        "kms_master_key_id": "",
                        "sse_algorithm": "AES256"
                      }
                    ],
                    "bucket_key_enabled": false
                  }
                ]
              }
            ],
            "tags": {
              "Layer": "silver",
              "Name": "datalake-pipeline-silver-dev"
            },
            "tags_all": {
              "Environment": "dev",
              "Layer": "silver",
              "ManagedBy": "Terraform",
              "Name": "datalake-pipeline-silver-dev",
              "Project": "DataLake-Pipeline"
            },
            "timeouts": null,
            "versioning": [
              {
                "enabled": true,
                "mfa_delete": false
              }
            ],
            "website": [],
            "website_domain": null,
            "website_endpoint": null
          },
          "sensitive_attributes": [],
          "private": "eyJlMmJmYjczMC1lY2FhLTExZTYtOGY4OC0zNDM2M2JjN2M0YzAiOnsiY3JlYXRlIjoxMjAwMDAwMDAwMDAwLCJkZWxldGUiOjM2MDAwMDAwMDAwMDAsInJlYWQiOjEyMDAwMDAwMDAwMDAsInVwZGF0ZSI6MTIwMDAwMDAwMDAwMH19"
        }
      ]
    },
    {
      "mode": "managed",
      "type": "aws_s3_bucket",
      "name": "lambda_layers",
      "provider": "provider[\"registry.terraform.io/hashicorp/aws\"]",
      "instances": [
        {
          "schema_version": 0,
          "attributes": {
            "acceleration_status": "",
            "acl": null,
            "arn": "arn:aws:s3:::datalake-pipeline-lambda-layers-dev",
            "bucket": "datalake-pipeline-lambda-layers-dev",
            "bucket_domain_name": "datalake-pipeline-lambda-layers-dev.s3.amazonaws.com",
            "bucket_prefix": "",
            "bucket_regional_domain_name": "datalake-pipeline-lambda-layers-dev.s3.us-east-1.amazonaws.com",
            "cors_rule": [],
            "force_destroy": false,
            "grant": [
              {
                "id": "cef2ed393dcf51b407f041dd00a34d282355cd2e36907107edba400025e21a42",
                "permissions": [
                  "FULL_CONTROL"
                ],
                "type": "CanonicalUser",
                "uri": ""
              }
            ],
            "hosted_zone_id": "Z3AQBSTGFYJSTF",
            "id": "datalake-pipeline-lambda-layers-dev",
            "lifecycle_rule": [],
            "logging": [],
            "object_lock_configuration": [],
            "object_lock_enabled": false,
            "policy": "",
            "region": "us-east-1",
            "replication_configuration": [],
            "request_payer": "BucketOwner",
            "server_side_encryption_configuration": [
              {
                "rule": [
                  {
                    "apply_server_side_encryption_by_default": [
                      {
                        "kms_master_key_id": "",
                        "sse_algorithm": "AES256"
                      }
                    ],
                    "bucket_key_enabled": false
                  }
                ]
              }
            ],
            "tags": {
              "Name": "datalake-pipeline-lambda-layers-dev",
              "Purpose": "Lambda Layer Storage"
            },
            "tags_all": {
              "Environment": "dev",
              "ManagedBy": "Terraform",
              "Name": "datalake-pipeline-lambda-layers-dev",
              "Project": "DataLake-Pipeline",
              "Purpose": "Lambda Layer Storage"
            },
            "timeouts": null,
            "versioning": [
              {
                "enabled": false,
                "mfa_delete": false
              }
            ],
            "website": [],
            "website_domain": null,
            "website_endpoint": null
          },
          "sensitive_attributes": [],
          "private": "eyJlMmJmYjczMC1lY2FhLTExZTYtOGY4OC0zNDM2M2JjN2M0YzAiOnsiY3JlYXRlIjoxMjAwMDAwMDAwMDAwLCJkZWxldGUiOjM2MDAwMDAwMDAwMDAsInJlYWQiOjEyMDAwMDAwMDAwMDAsInVwZGF0ZSI6MTIwMDAwMDAwMDAwMH19",
          "create_before_destroy": true
        }
      ]
    },
    {
      "mode": "managed",
      "type": "aws_s3_bucket_lifecycle_configuration",
      "name": "athena_results",
      "provider": "provider[\"registry.terraform.io/hashicorp/aws\"]",
      "instances": [
        {
          "schema_version": 1,
          "attributes": {
            "bucket": "datalake-pipeline-athena-results-dev",
            "expected_bucket_owner": "",
            "id": "datalake-pipeline-athena-results-dev",
            "rule": [
              {
                "abort_incomplete_multipart_upload": [
                  {
                    "days_after_initiation": 7
                  }
                ],
                "expiration": [
                  {
                    "date": null,
                    "days": 30,
                    "expired_object_delete_marker": false
                  }
                ],
                "filter": [
                  {
                    "and": [],
                    "object_size_greater_than": null,
                    "object_size_less_than": null,
                    "prefix": "query-results/",
                    "tag": []
                  }
                ],
                "id": "cleanup-old-query-results",
                "noncurrent_version_expiration": [],
                "noncurrent_version_transition": [],
                "prefix": "",
                "status": "Enabled",
                "transition": []
              }
            ],
            "timeouts": null,
            "transition_default_minimum_object_size": "all_storage_classes_128K"
          },
          "sensitive_attributes": [],
          "dependencies": [
            "aws_s3_bucket.athena_results"
          ]
        }
      ]
    },
    {
      "mode": "managed",
      "type": "aws_s3_bucket_lifecycle_configuration",
      "name": "data_lake",
      "provider": "provider[\"registry.terraform.io/hashicorp/aws\"]",
      "instances": [
        {
          "index_key": "bronze",
          "schema_version": 1,
          "attributes": {
            "bucket": "datalake-pipeline-bronze-dev",
            "expected_bucket_owner": "",
            "id": "datalake-pipeline-bronze-dev",
            "rule": [
              {
                "abort_incomplete_multipart_upload": [],
                "expiration": [
                  {
                    "date": null,
                    "days": 730,
                    "expired_object_delete_marker": false
                  }
                ],
                "filter": [],
                "id": "transition-and-expiration",
                "noncurrent_version_expiration": [
                  {
                    "newer_noncurrent_versions": null,
                    "noncurrent_days": 90
                  }
                ],
                "noncurrent_version_transition": [],
                "prefix": "",
                "status": "Enabled",
                "transition": [
                  {
                    "date": null,
                    "days": 180,
                    "storage_class": "GLACIER"
                  },
                  {
                    "date": null,
                    "days": 365,
                    "storage_class": "DEEP_ARCHIVE"
                  }
                ]
              }
            ],
            "timeouts": null,
            "transition_default_minimum_object_size": "all_storage_classes_128K"
          },
          "sensitive_attributes": [],
          "dependencies": [
            "aws_s3_bucket.data_lake"
          ]
        },
        {
          "index_key": "landing",
          "schema_version": 1,
          "attributes": {
            "bucket": "datalake-pipeline-landing-dev",
            "expected_bucket_owner": "",
            "id": "datalake-pipeline-landing-dev",
            "rule": [
              {
                "abort_incomplete_multipart_upload": [],
                "expiration": [
                  {
                    "date": null,
                    "days": 365,
                    "expired_object_delete_marker": false
                  }
                ],
                "filter": [],
                "id": "transition-and-expiration",
                "noncurrent_version_expiration": [
                  {
                    "newer_noncurrent_versions": null,
                    "noncurrent_days": 90
                  }
                ],
                "noncurrent_version_transition": [],
                "prefix": "",
                "status": "Enabled",
                "transition": [
                  {
                    "date": null,
                    "days": 180,
                    "storage_class": "DEEP_ARCHIVE"
                  },
                  {
                    "date": null,
                    "days": 90,
                    "storage_class": "GLACIER"
                  }
                ]
              }
            ],
            "timeouts": null,
            "transition_default_minimum_object_size": "all_storage_classes_128K"
          },
          "sensitive_attributes": [],
          "dependencies": [
            "aws_s3_bucket.data_lake"
          ]
        },
        {
          "index_key": "silver",
          "schema_version": 1,
          "attributes": {
            "bucket": "datalake-pipeline-silver-dev",
            "expected_bucket_owner": "",
            "id": "datalake-pipeline-silver-dev",
            "rule": [
              {
                "abort_incomplete_multipart_upload": [],
                "expiration": [
                  {
                    "date": null,
                    "days": 1095,
                    "expired_object_delete_marker": false
                  }
                ],
                "filter": [],
                "id": "transition-and-expiration",
                "noncurrent_version_expiration": [
                  {
                    "newer_noncurrent_versions": null,
                    "noncurrent_days": 90
                  }
                ],
                "noncurrent_version_transition": [],
                "prefix": "",
                "status": "Enabled",
                "transition": [
                  {
                    "date": null,
                    "days": 365,
                    "storage_class": "GLACIER"
                  },
                  {
                    "date": null,
                    "days": 730,
                    "storage_class": "DEEP_ARCHIVE"
                  }
                ]
              }
            ],
            "timeouts": null,
            "transition_default_minimum_object_size": "all_storage_classes_128K"
          },
          "sensitive_attributes": [],
          "dependencies": [
            "aws_s3_bucket.data_lake"
          ]
        }
      ]
    },
    {
      "mode": "managed",
      "type": "aws_s3_bucket_notification",
      "name": "bronze_bucket_notification",
      "provider": "provider[\"registry.terraform.io/hashicorp/aws\"]",
      "instances": [
        {
          "schema_version": 0,
          "attributes": {
            "bucket": "datalake-pipeline-bronze-dev",
            "eventbridge": false,
            "id": "datalake-pipeline-bronze-dev",
            "lambda_function": [
              {
                "events": [
                  "s3:ObjectCreated:*"
                ],
                "filter_prefix": "",
                "filter_suffix": ".parquet",
                "id": "parquet-trigger",
                "lambda_function_arn": "arn:aws:lambda:us-east-1:901207488135:function:datalake-pipeline-cleansing-dev"
              }
            ],
            "queue": [],
            "topic": []
          },
          "sensitive_attributes": [],
          "private": "bnVsbA==",
          "dependencies": [
            "aws_iam_policy.lambda_execution",
            "aws_iam_role.lambda_execution",
            "aws_iam_role_policy_attachment.lambda_execution",
            "aws_lambda_function.cleansing",
            "aws_lambda_layer_version.pandas_pyarrow",
            "aws_lambda_permission.allow_s3_invoke_cleansing",
            "aws_s3_bucket.data_lake",
            "aws_s3_bucket.lambda_layers",
            "aws_s3_object.pandas_layer",
            "data.aws_iam_policy_document.lambda_assume_role",
            "data.aws_iam_policy_document.lambda_execution"
          ]
        }
      ]
    },
    {
      "mode": "managed",
      "type": "aws_s3_bucket_notification",
      "name": "landing_bucket_notification",
      "provider": "provider[\"registry.terraform.io/hashicorp/aws\"]",
      "instances": [
        {
          "schema_version": 0,
          "attributes": {
            "bucket": "datalake-pipeline-landing-dev",
            "eventbridge": false,
            "id": "datalake-pipeline-landing-dev",
            "lambda_function": [
              {
                "events": [
                  "s3:ObjectCreated:*"
                ],
                "filter_prefix": "",
                "filter_suffix": ".csv",
                "id": "csv-trigger",
                "lambda_function_arn": "arn:aws:lambda:us-east-1:901207488135:function:datalake-pipeline-ingestion-dev"
              },
              {
                "events": [
                  "s3:ObjectCreated:*"
                ],
                "filter_prefix": "",
                "filter_suffix": ".json",
                "id": "json-trigger",
                "lambda_function_arn": "arn:aws:lambda:us-east-1:901207488135:function:datalake-pipeline-ingestion-dev"
              }
            ],
            "queue": [],
            "topic": []
          },
          "sensitive_attributes": [],
          "private": "bnVsbA==",
          "dependencies": [
            "aws_iam_policy.lambda_execution",
            "aws_iam_role.lambda_execution",
            "aws_iam_role_policy_attachment.lambda_execution",
            "aws_lambda_function.ingestion",
            "aws_lambda_layer_version.pandas_pyarrow",
            "aws_lambda_permission.allow_s3_invoke_ingestion",
            "aws_s3_bucket.data_lake",
            "aws_s3_bucket.lambda_layers",
            "aws_s3_object.pandas_layer",
            "data.aws_iam_policy_document.lambda_assume_role",
            "data.aws_iam_policy_document.lambda_execution"
          ]
        }
      ]
    },
    {
      "mode": "managed",
      "type": "aws_s3_bucket_public_access_block",
      "name": "athena_results",
      "provider": "provider[\"registry.terraform.io/hashicorp/aws\"]",
      "instances": [
        {
          "schema_version": 0,
          "attributes": {
            "block_public_acls": true,
            "block_public_policy": true,
            "bucket": "datalake-pipeline-athena-results-dev",
            "id": "datalake-pipeline-athena-results-dev",
            "ignore_public_acls": true,
            "restrict_public_buckets": true
          },
          "sensitive_attributes": [],
          "private": "bnVsbA==",
          "dependencies": [
            "aws_s3_bucket.athena_results"
          ]
        }
      ]
    },
    {
      "mode": "managed",
      "type": "aws_s3_bucket_public_access_block",
      "name": "data_lake",
      "provider": "provider[\"registry.terraform.io/hashicorp/aws\"]",
      "instances": [
        {
          "index_key": "bronze",
          "schema_version": 0,
          "attributes": {
            "block_public_acls": true,
            "block_public_policy": true,
            "bucket": "datalake-pipeline-bronze-dev",
            "id": "datalake-pipeline-bronze-dev",
            "ignore_public_acls": true,
            "restrict_public_buckets": true
          },
          "sensitive_attributes": [],
          "private": "bnVsbA==",
          "dependencies": [
            "aws_s3_bucket.data_lake"
          ]
        },
        {
          "index_key": "gold",
          "schema_version": 0,
          "attributes": {
            "block_public_acls": true,
            "block_public_policy": true,
            "bucket": "datalake-pipeline-gold-dev",
            "id": "datalake-pipeline-gold-dev",
            "ignore_public_acls": true,
            "restrict_public_buckets": true
          },
          "sensitive_attributes": [],
          "private": "bnVsbA==",
          "dependencies": [
            "aws_s3_bucket.data_lake"
          ]
        },
        {
          "index_key": "landing",
          "schema_version": 0,
          "attributes": {
            "block_public_acls": true,
            "block_public_policy": true,
            "bucket": "datalake-pipeline-landing-dev",
            "id": "datalake-pipeline-landing-dev",
            "ignore_public_acls": true,
            "restrict_public_buckets": true
          },
          "sensitive_attributes": [],
          "private": "bnVsbA==",
          "dependencies": [
            "aws_s3_bucket.data_lake"
          ]
        },
        {
          "index_key": "silver",
          "schema_version": 0,
          "attributes": {
            "block_public_acls": true,
            "block_public_policy": true,
            "bucket": "datalake-pipeline-silver-dev",
            "id": "datalake-pipeline-silver-dev",
            "ignore_public_acls": true,
            "restrict_public_buckets": true
          },
          "sensitive_attributes": [],
          "private": "bnVsbA==",
          "dependencies": [
            "aws_s3_bucket.data_lake"
          ]
        }
      ]
    },
    {
      "mode": "managed",
      "type": "aws_s3_bucket_public_access_block",
      "name": "lambda_layers",
      "provider": "provider[\"registry.terraform.io/hashicorp/aws\"]",
      "instances": [
        {
          "schema_version": 0,
          "attributes": {
            "block_public_acls": true,
            "block_public_policy": true,
            "bucket": "datalake-pipeline-lambda-layers-dev",
            "id": "datalake-pipeline-lambda-layers-dev",
            "ignore_public_acls": true,
            "restrict_public_buckets": true
          },
          "sensitive_attributes": [],
          "private": "bnVsbA==",
          "dependencies": [
            "aws_s3_bucket.lambda_layers"
          ]
        }
      ]
    },
    {
      "mode": "managed",
      "type": "aws_s3_bucket_server_side_encryption_configuration",
      "name": "athena_results",
      "provider": "provider[\"registry.terraform.io/hashicorp/aws\"]",
      "instances": [
        {
          "schema_version": 0,
          "attributes": {
            "bucket": "datalake-pipeline-athena-results-dev",
            "expected_bucket_owner": "",
            "id": "datalake-pipeline-athena-results-dev",
            "rule": [
              {
                "apply_server_side_encryption_by_default": [
                  {
                    "kms_master_key_id": "",
                    "sse_algorithm": "AES256"
                  }
                ],
                "bucket_key_enabled": false
              }
            ]
          },
          "sensitive_attributes": [],
          "private": "bnVsbA==",
          "dependencies": [
            "aws_s3_bucket.athena_results"
          ]
        }
      ]
    },
    {
      "mode": "managed",
      "type": "aws_s3_bucket_server_side_encryption_configuration",
      "name": "data_lake",
      "provider": "provider[\"registry.terraform.io/hashicorp/aws\"]",
      "instances": [
        {
          "index_key": "bronze",
          "schema_version": 0,
          "attributes": {
            "bucket": "datalake-pipeline-bronze-dev",
            "expected_bucket_owner": "",
            "id": "datalake-pipeline-bronze-dev",
            "rule": [
              {
                "apply_server_side_encryption_by_default": [
                  {
                    "kms_master_key_id": "",
                    "sse_algorithm": "AES256"
                  }
                ],
                "bucket_key_enabled": false
              }
            ]
          },
          "sensitive_attributes": [],
          "private": "bnVsbA==",
          "dependencies": [
            "aws_s3_bucket.data_lake"
          ]
        },
        {
          "index_key": "gold",
          "schema_version": 0,
          "attributes": {
            "bucket": "datalake-pipeline-gold-dev",
            "expected_bucket_owner": "",
            "id": "datalake-pipeline-gold-dev",
            "rule": [
              {
                "apply_server_side_encryption_by_default": [
                  {
                    "kms_master_key_id": "",
                    "sse_algorithm": "AES256"
                  }
                ],
                "bucket_key_enabled": false
              }
            ]
          },
          "sensitive_attributes": [],
          "private": "bnVsbA==",
          "dependencies": [
            "aws_s3_bucket.data_lake"
          ]
        },
        {
          "index_key": "landing",
          "schema_version": 0,
          "attributes": {
            "bucket": "datalake-pipeline-landing-dev",
            "expected_bucket_owner": "",
            "id": "datalake-pipeline-landing-dev",
            "rule": [
              {
                "apply_server_side_encryption_by_default": [
                  {
                    "kms_master_key_id": "",
                    "sse_algorithm": "AES256"
                  }
                ],
                "bucket_key_enabled": false
              }
            ]
          },
          "sensitive_attributes": [],
          "private": "bnVsbA==",
          "dependencies": [
            "aws_s3_bucket.data_lake"
          ]
        },
        {
          "index_key": "silver",
          "schema_version": 0,
          "attributes": {
            "bucket": "datalake-pipeline-silver-dev",
            "expected_bucket_owner": "",
            "id": "datalake-pipeline-silver-dev",
            "rule": [
              {
                "apply_server_side_encryption_by_default": [
                  {
                    "kms_master_key_id": "",
                    "sse_algorithm": "AES256"
                  }
                ],
                "bucket_key_enabled": false
              }
            ]
          },
          "sensitive_attributes": [],
          "private": "bnVsbA==",
          "dependencies": [
            "aws_s3_bucket.data_lake"
          ]
        }
      ]
    },
    {
      "mode": "managed",
      "type": "aws_s3_bucket_versioning",
      "name": "athena_results",
      "provider": "provider[\"registry.terraform.io/hashicorp/aws\"]",
      "instances": [
        {
          "schema_version": 0,
          "attributes": {
            "bucket": "datalake-pipeline-athena-results-dev",
            "expected_bucket_owner": "",
            "id": "datalake-pipeline-athena-results-dev",
            "mfa": null,
            "versioning_configuration": [
              {
                "mfa_delete": "",
                "status": "Enabled"
              }
            ]
          },
          "sensitive_attributes": [],
          "private": "bnVsbA==",
          "dependencies": [
            "aws_s3_bucket.athena_results"
          ]
        }
      ]
    },
    {
      "mode": "managed",
      "type": "aws_s3_bucket_versioning",
      "name": "data_lake",
      "provider": "provider[\"registry.terraform.io/hashicorp/aws\"]",
      "instances": [
        {
          "index_key": "bronze",
          "schema_version": 0,
          "attributes": {
            "bucket": "datalake-pipeline-bronze-dev",
            "expected_bucket_owner": "",
            "id": "datalake-pipeline-bronze-dev",
            "mfa": null,
            "versioning_configuration": [
              {
                "mfa_delete": "",
                "status": "Enabled"
              }
            ]
          },
          "sensitive_attributes": [],
          "private": "bnVsbA==",
          "dependencies": [
            "aws_s3_bucket.data_lake"
          ]
        },
        {
          "index_key": "gold",
          "schema_version": 0,
          "attributes": {
            "bucket": "datalake-pipeline-gold-dev",
            "expected_bucket_owner": "",
            "id": "datalake-pipeline-gold-dev",
            "mfa": null,
            "versioning_configuration": [
              {
                "mfa_delete": "",
                "status": "Enabled"
              }
            ]
          },
          "sensitive_attributes": [],
          "private": "bnVsbA==",
          "dependencies": [
            "aws_s3_bucket.data_lake"
          ]
        },
        {
          "index_key": "landing",
          "schema_version": 0,
          "attributes": {
            "bucket": "datalake-pipeline-landing-dev",
            "expected_bucket_owner": "",
            "id": "datalake-pipeline-landing-dev",
            "mfa": null,
            "versioning_configuration": [
              {
                "mfa_delete": "",
                "status": "Enabled"
              }
            ]
          },
          "sensitive_attributes": [],
          "private": "bnVsbA==",
          "dependencies": [
            "aws_s3_bucket.data_lake"
          ]
        },
        {
          "index_key": "silver",
          "schema_version": 0,
          "attributes": {
            "bucket": "datalake-pipeline-silver-dev",
            "expected_bucket_owner": "",
            "id": "datalake-pipeline-silver-dev",
            "mfa": null,
            "versioning_configuration": [
              {
                "mfa_delete": "",
                "status": "Enabled"
              }
            ]
          },
          "sensitive_attributes": [],
          "private": "bnVsbA==",
          "dependencies": [
            "aws_s3_bucket.data_lake"
          ]
        }
      ]
    },
    {
      "mode": "managed",
      "type": "aws_s3_object",
      "name": "pandas_layer",
      "provider": "provider[\"registry.terraform.io/hashicorp/aws\"]",
      "instances": [
        {
          "schema_version": 0,
          "attributes": {
            "acl": null,
            "arn": "arn:aws:s3:::datalake-pipeline-lambda-layers-dev/layers/pandas_pyarrow_layer.zip",
            "bucket": "datalake-pipeline-lambda-layers-dev",
            "bucket_key_enabled": false,
            "cache_control": "",
            "checksum_algorithm": null,
            "checksum_crc32": "",
            "checksum_crc32c": "",
            "checksum_crc64nvme": "",
            "checksum_sha1": "",
            "checksum_sha256": "",
            "content": null,
            "content_base64": null,
            "content_disposition": "",
            "content_encoding": "",
            "content_language": "",
            "content_type": "binary/octet-stream",
            "etag": "1b6cbce7ca0bcfa8e33aa682297887eb-15",
            "force_destroy": false,
            "id": "layers/pandas_pyarrow_layer.zip",
            "key": "layers/pandas_pyarrow_layer.zip",
            "kms_key_id": null,
            "metadata": {},
            "object_lock_legal_hold_status": "",
            "object_lock_mode": "",
            "object_lock_retain_until_date": "",
            "override_provider": [],
            "server_side_encryption": "AES256",
            "source": "../assets/pandas_pyarrow_layer.zip",
            "source_hash": null,
            "storage_class": "STANDARD",
            "tags": {
              "Name": "pandas-pyarrow-layer",
              "Version": "a53a1ee48fed0b341e89cc5c1fee350f"
            },
            "tags_all": {
              "Environment": "dev",
              "ManagedBy": "Terraform",
              "Name": "pandas-pyarrow-layer",
              "Project": "DataLake-Pipeline",
              "Version": "a53a1ee48fed0b341e89cc5c1fee350f"
            },
            "version_id": "",
            "website_redirect": ""
          },
          "sensitive_attributes": [],
          "private": "bnVsbA==",
          "dependencies": [
            "aws_s3_bucket.lambda_layers"
          ],
          "create_before_destroy": true
        }
      ]
    }
  ],
  "check_results": null
}
